// !$*UTF8*$!
{
	archiveVersion = 1;
	classes = {
	};
	objectVersion = 46;
	objects = {

/* Begin PBXBuildFile section */
		4818CB091F12BDB900D33510 /* UniformCollection.h in Headers */ = {isa = PBXBuildFile; fileRef = 4818CB071F12BDB900D33510 /* UniformCollection.h */; };
		4839F62D1F1838D30081237A /* default_ptr.h in Headers */ = {isa = PBXBuildFile; fileRef = 4839F62C1F1838D30081237A /* default_ptr.h */; };
		4839F6301F18392A0081237A /* Exception.cpp in Sources */ = {isa = PBXBuildFile; fileRef = 4839F62E1F18392A0081237A /* Exception.cpp */; };
		4839F6311F18392A0081237A /* Exception.h in Headers */ = {isa = PBXBuildFile; fileRef = 4839F62F1F18392A0081237A /* Exception.h */; };
		483C31891F098C53002A7870 /* ShaderProgram.cpp in Sources */ = {isa = PBXBuildFile; fileRef = 483C31851F098C53002A7870 /* ShaderProgram.cpp */; };
		483C318A1F098C53002A7870 /* ShaderProgram.h in Headers */ = {isa = PBXBuildFile; fileRef = 483C31861F098C53002A7870 /* ShaderProgram.h */; };
		483C31AC1F09A2B2002A7870 /* DataTypes.h in Headers */ = {isa = PBXBuildFile; fileRef = 483C31AA1F09A2B2002A7870 /* DataTypes.h */; };
		483C31B41F0A0040002A7870 /* DefaultResources.cpp in Sources */ = {isa = PBXBuildFile; fileRef = 483C31B21F0A0040002A7870 /* DefaultResources.cpp */; };
		483C31B51F0A0040002A7870 /* DefaultResources.h in Headers */ = {isa = PBXBuildFile; fileRef = 483C31B31F0A0040002A7870 /* DefaultResources.h */; };
		483C31B81F0A00F1002A7870 /* Texture.cpp in Sources */ = {isa = PBXBuildFile; fileRef = 483C31B61F0A00F1002A7870 /* Texture.cpp */; };
		483C31B91F0A00F1002A7870 /* Texture.h in Headers */ = {isa = PBXBuildFile; fileRef = 483C31B71F0A00F1002A7870 /* Texture.h */; };
		483C31BC1F0A0ED5002A7870 /* Model.cpp in Sources */ = {isa = PBXBuildFile; fileRef = 483C31BA1F0A0ED5002A7870 /* Model.cpp */; };
		483C31BD1F0A0ED5002A7870 /* Model.h in Headers */ = {isa = PBXBuildFile; fileRef = 483C31BB1F0A0ED5002A7870 /* Model.h */; };
		483C31C01F0A1202002A7870 /* Mesh.cpp in Sources */ = {isa = PBXBuildFile; fileRef = 483C31BE1F0A1202002A7870 /* Mesh.cpp */; };
		483C31C11F0A1202002A7870 /* Mesh.h in Headers */ = {isa = PBXBuildFile; fileRef = 483C31BF1F0A1202002A7870 /* Mesh.h */; };
		483C31C61F0A1D6E002A7870 /* VertexAttribute.cpp in Sources */ = {isa = PBXBuildFile; fileRef = 483C31C21F0A1D6E002A7870 /* VertexAttribute.cpp */; };
		483C31C71F0A1D6E002A7870 /* VertexAttribute.h in Headers */ = {isa = PBXBuildFile; fileRef = 483C31C31F0A1D6E002A7870 /* VertexAttribute.h */; };
		483C31C81F0A1D6E002A7870 /* VertexFormat.cpp in Sources */ = {isa = PBXBuildFile; fileRef = 483C31C41F0A1D6E002A7870 /* VertexFormat.cpp */; };
		483C31C91F0A1D6E002A7870 /* VertexFormat.h in Headers */ = {isa = PBXBuildFile; fileRef = 483C31C51F0A1D6E002A7870 /* VertexFormat.h */; };
		48459FE81F1AE3DC000C957F /* ResourceManager.h in Headers */ = {isa = PBXBuildFile; fileRef = 48459FE61F1AE3DC000C957F /* ResourceManager.h */; };
		48459FEB1F1AF922000C957F /* TextureManager.cpp in Sources */ = {isa = PBXBuildFile; fileRef = 48459FE91F1AF922000C957F /* TextureManager.cpp */; };
		48459FEC1F1AF922000C957F /* TextureManager.h in Headers */ = {isa = PBXBuildFile; fileRef = 48459FEA1F1AF922000C957F /* TextureManager.h */; };
		48459FEF1F1B17E7000C957F /* ShaderProgramManager.cpp in Sources */ = {isa = PBXBuildFile; fileRef = 48459FED1F1B17E7000C957F /* ShaderProgramManager.cpp */; };
		48459FF01F1B17E7000C957F /* ShaderProgramManager.h in Headers */ = {isa = PBXBuildFile; fileRef = 48459FEE1F1B17E7000C957F /* ShaderProgramManager.h */; };
		48459FF31F1B180F000C957F /* MeshManager.cpp in Sources */ = {isa = PBXBuildFile; fileRef = 48459FF11F1B180F000C957F /* MeshManager.cpp */; };
		48459FF41F1B180F000C957F /* MeshManager.h in Headers */ = {isa = PBXBuildFile; fileRef = 48459FF21F1B180F000C957F /* MeshManager.h */; };
		484B41241F12C4A100CE92B4 /* TextureUniformCollection.cpp in Sources */ = {isa = PBXBuildFile; fileRef = 484B41221F12C4A100CE92B4 /* TextureUniformCollection.cpp */; };
		484B41251F12C4A100CE92B4 /* TextureUniformCollection.h in Headers */ = {isa = PBXBuildFile; fileRef = 484B41231F12C4A100CE92B4 /* TextureUniformCollection.h */; };
		484B412E1F12DD0E00CE92B4 /* FloatUniformCollection.cpp in Sources */ = {isa = PBXBuildFile; fileRef = 484B41261F12DD0E00CE92B4 /* FloatUniformCollection.cpp */; };
		484B412F1F12DD0E00CE92B4 /* FloatUniformCollection.h in Headers */ = {isa = PBXBuildFile; fileRef = 484B41271F12DD0E00CE92B4 /* FloatUniformCollection.h */; };
		484B41301F12DD0E00CE92B4 /* Vector2UniformCollection.cpp in Sources */ = {isa = PBXBuildFile; fileRef = 484B41281F12DD0E00CE92B4 /* Vector2UniformCollection.cpp */; };
		484B41311F12DD0E00CE92B4 /* Vector2UniformCollection.h in Headers */ = {isa = PBXBuildFile; fileRef = 484B41291F12DD0E00CE92B4 /* Vector2UniformCollection.h */; };
		484B41321F12DD0E00CE92B4 /* Vector3UniformCollection.cpp in Sources */ = {isa = PBXBuildFile; fileRef = 484B412A1F12DD0E00CE92B4 /* Vector3UniformCollection.cpp */; };
		484B41331F12DD0E00CE92B4 /* Vector3UniformCollection.h in Headers */ = {isa = PBXBuildFile; fileRef = 484B412B1F12DD0E00CE92B4 /* Vector3UniformCollection.h */; };
		484B41341F12DD0E00CE92B4 /* Vector4UniformCollection.cpp in Sources */ = {isa = PBXBuildFile; fileRef = 484B412C1F12DD0E00CE92B4 /* Vector4UniformCollection.cpp */; };
		484B41351F12DD0E00CE92B4 /* Vector4UniformCollection.h in Headers */ = {isa = PBXBuildFile; fileRef = 484B412D1F12DD0E00CE92B4 /* Vector4UniformCollection.h */; };
		485908BE1F11D42F00F7A86F /* Camera.cpp in Sources */ = {isa = PBXBuildFile; fileRef = 485908BC1F11D42F00F7A86F /* Camera.cpp */; };
		485908BF1F11D42F00F7A86F /* Camera.h in Headers */ = {isa = PBXBuildFile; fileRef = 485908BD1F11D42F00F7A86F /* Camera.h */; };
		4873E92A1F1D837E000BA834 /* Time.cpp in Sources */ = {isa = PBXBuildFile; fileRef = 4873E9281F1D837E000BA834 /* Time.cpp */; };
		48839BAD1F08C4CB00D5CEE0 /* GL.cpp in Sources */ = {isa = PBXBuildFile; fileRef = 48839BAB1F08C4CB00D5CEE0 /* GL.cpp */; };
		48839BAE1F08C4CB00D5CEE0 /* GL.h in Headers */ = {isa = PBXBuildFile; fileRef = 48839BAC1F08C4CB00D5CEE0 /* GL.h */; };
		4898E4561F03261700825E3E /* Vector4.cpp in Sources */ = {isa = PBXBuildFile; fileRef = 4898E4541F03261700825E3E /* Vector4.cpp */; };
		4898E4571F03261700825E3E /* Vector4.h in Headers */ = {isa = PBXBuildFile; fileRef = 4898E4551F03261700825E3E /* Vector4.h */; };
		4898E45A1F03262200825E3E /* Mat4x4.cpp in Sources */ = {isa = PBXBuildFile; fileRef = 4898E4581F03262200825E3E /* Mat4x4.cpp */; };
		4898E45B1F03262200825E3E /* Mat4x4.h in Headers */ = {isa = PBXBuildFile; fileRef = 4898E4591F03262200825E3E /* Mat4x4.h */; };
		4898E45E1F0330B600825E3E /* IntVector2.cpp in Sources */ = {isa = PBXBuildFile; fileRef = 4898E45C1F0330B600825E3E /* IntVector2.cpp */; };
		4898E45F1F0330B600825E3E /* IntVector2.h in Headers */ = {isa = PBXBuildFile; fileRef = 4898E45D1F0330B600825E3E /* IntVector2.h */; };
		4898E4621F03378D00825E3E /* Plane.cpp in Sources */ = {isa = PBXBuildFile; fileRef = 4898E4601F03378D00825E3E /* Plane.cpp */; };
		4898E4631F03378D00825E3E /* Plane.h in Headers */ = {isa = PBXBuildFile; fileRef = 4898E4611F03378D00825E3E /* Plane.h */; };
		4899AF5C1F008EE0009B4E73 /* Macros.h in Headers */ = {isa = PBXBuildFile; fileRef = 4899AF5B1F008EE0009B4E73 /* Macros.h */; };
		4899AF601F009239009B4E73 /* Color.h in Headers */ = {isa = PBXBuildFile; fileRef = 4899AF5E1F009239009B4E73 /* Color.h */; };
		4899AF611F009239009B4E73 /* Color.cpp in Sources */ = {isa = PBXBuildFile; fileRef = 4899AF5F1F009239009B4E73 /* Color.cpp */; };
		48C6539E1F05D1090001EDD6 /* Logger.cpp in Sources */ = {isa = PBXBuildFile; fileRef = 48C6539C1F05D1090001EDD6 /* Logger.cpp */; };
		48C6539F1F05D1090001EDD6 /* Logger.h in Headers */ = {isa = PBXBuildFile; fileRef = 48C6539D1F05D1090001EDD6 /* Logger.h */; };
		48E1E4D01F12023400D01A6E /* stb_implementation.c in Sources */ = {isa = PBXBuildFile; fileRef = 48E1E4CF1F12023400D01A6E /* stb_implementation.c */; };
		48FFC4C81F01DB88003932BA /* Window.cpp in Sources */ = {isa = PBXBuildFile; fileRef = 48FFC4C61F01DB88003932BA /* Window.cpp */; };
		48FFC4C91F01DB88003932BA /* Window.h in Headers */ = {isa = PBXBuildFile; fileRef = 48FFC4C71F01DB88003932BA /* Window.h */; };
		48FFC4CD1F01DEFA003932BA /* Vector3.h in Headers */ = {isa = PBXBuildFile; fileRef = 48FFC4CB1F01DEFA003932BA /* Vector3.h */; };
		48FFC4CE1F01DEFA003932BA /* Vector3.cpp in Sources */ = {isa = PBXBuildFile; fileRef = 48FFC4CC1F01DEFA003932BA /* Vector3.cpp */; };
		48FFC4D11F01E2A2003932BA /* Vector2.cpp in Sources */ = {isa = PBXBuildFile; fileRef = 48FFC4CF1F01E2A2003932BA /* Vector2.cpp */; };
		48FFC4D21F01E2A2003932BA /* Vector2.h in Headers */ = {isa = PBXBuildFile; fileRef = 48FFC4D01F01E2A2003932BA /* Vector2.h */; };
		48FFC4D51F01EC0C003932BA /* Quaternion.cpp in Sources */ = {isa = PBXBuildFile; fileRef = 48FFC4D31F01EC0C003932BA /* Quaternion.cpp */; };
		48FFC4D61F01EC0C003932BA /* Quaternion.h in Headers */ = {isa = PBXBuildFile; fileRef = 48FFC4D41F01EC0C003932BA /* Quaternion.h */; };
/* End PBXBuildFile section */

/* Begin PBXFileReference section */
		481644451EFF63BC004DA647 /* libglfw3.a */ = {isa = PBXFileReference; lastKnownFileType = archive.ar; name = libglfw3.a; path = ../../Includes/OSX/libglfw3.a; sourceTree = "<group>"; };
		481644471EFF63CC004DA647 /* glew.c */ = {isa = PBXFileReference; fileEncoding = 4; lastKnownFileType = sourcecode.c.c; name = glew.c; path = ../../Includes/Common/glew/src/glew.c; sourceTree = "<group>"; };
		4818CB071F12BDB900D33510 /* UniformCollection.h */ = {isa = PBXFileReference; fileEncoding = 4; lastKnownFileType = sourcecode.c.h; name = UniformCollection.h; path = ../../source/Graphics/UniformCollection.h; sourceTree = "<group>"; };
		4839F62C1F1838D30081237A /* default_ptr.h */ = {isa = PBXFileReference; fileEncoding = 4; lastKnownFileType = sourcecode.c.h; name = default_ptr.h; path = ../../source/Memory/default_ptr.h; sourceTree = "<group>"; };
		4839F62E1F18392A0081237A /* Exception.cpp */ = {isa = PBXFileReference; fileEncoding = 4; lastKnownFileType = sourcecode.cpp.cpp; name = Exception.cpp; path = ../../source/Debug/Exception.cpp; sourceTree = "<group>"; };
		4839F62F1F18392A0081237A /* Exception.h */ = {isa = PBXFileReference; fileEncoding = 4; lastKnownFileType = sourcecode.c.h; name = Exception.h; path = ../../source/Debug/Exception.h; sourceTree = "<group>"; };
		483C31851F098C53002A7870 /* ShaderProgram.cpp */ = {isa = PBXFileReference; fileEncoding = 4; lastKnownFileType = sourcecode.cpp.cpp; name = ShaderProgram.cpp; path = ../../source/Graphics/ShaderProgram.cpp; sourceTree = "<group>"; };
		483C31861F098C53002A7870 /* ShaderProgram.h */ = {isa = PBXFileReference; fileEncoding = 4; lastKnownFileType = sourcecode.c.h; name = ShaderProgram.h; path = ../../source/Graphics/ShaderProgram.h; sourceTree = "<group>"; };
		483C31AA1F09A2B2002A7870 /* DataTypes.h */ = {isa = PBXFileReference; fileEncoding = 4; lastKnownFileType = sourcecode.c.h; name = DataTypes.h; path = ../../source/Graphics/DataTypes.h; sourceTree = "<group>"; };
		483C31B21F0A0040002A7870 /* DefaultResources.cpp */ = {isa = PBXFileReference; fileEncoding = 4; lastKnownFileType = sourcecode.cpp.cpp; name = DefaultResources.cpp; path = ../../source/Graphics/DefaultResources.cpp; sourceTree = "<group>"; };
		483C31B31F0A0040002A7870 /* DefaultResources.h */ = {isa = PBXFileReference; fileEncoding = 4; lastKnownFileType = sourcecode.c.h; name = DefaultResources.h; path = ../../source/Graphics/DefaultResources.h; sourceTree = "<group>"; };
		483C31B61F0A00F1002A7870 /* Texture.cpp */ = {isa = PBXFileReference; fileEncoding = 4; lastKnownFileType = sourcecode.cpp.cpp; name = Texture.cpp; path = ../../source/Graphics/Texture.cpp; sourceTree = "<group>"; };
		483C31B71F0A00F1002A7870 /* Texture.h */ = {isa = PBXFileReference; fileEncoding = 4; lastKnownFileType = sourcecode.c.h; name = Texture.h; path = ../../source/Graphics/Texture.h; sourceTree = "<group>"; };
		483C31BA1F0A0ED5002A7870 /* Model.cpp */ = {isa = PBXFileReference; fileEncoding = 4; lastKnownFileType = sourcecode.cpp.cpp; name = Model.cpp; path = ../../source/Graphics/Model.cpp; sourceTree = "<group>"; };
		483C31BB1F0A0ED5002A7870 /* Model.h */ = {isa = PBXFileReference; fileEncoding = 4; lastKnownFileType = sourcecode.c.h; name = Model.h; path = ../../source/Graphics/Model.h; sourceTree = "<group>"; };
		483C31BE1F0A1202002A7870 /* Mesh.cpp */ = {isa = PBXFileReference; fileEncoding = 4; lastKnownFileType = sourcecode.cpp.cpp; name = Mesh.cpp; path = ../../source/Graphics/Mesh.cpp; sourceTree = "<group>"; };
		483C31BF1F0A1202002A7870 /* Mesh.h */ = {isa = PBXFileReference; fileEncoding = 4; lastKnownFileType = sourcecode.c.h; name = Mesh.h; path = ../../source/Graphics/Mesh.h; sourceTree = "<group>"; };
		483C31C21F0A1D6E002A7870 /* VertexAttribute.cpp */ = {isa = PBXFileReference; fileEncoding = 4; lastKnownFileType = sourcecode.cpp.cpp; name = VertexAttribute.cpp; path = ../../source/Graphics/VertexAttribute.cpp; sourceTree = "<group>"; };
		483C31C31F0A1D6E002A7870 /* VertexAttribute.h */ = {isa = PBXFileReference; fileEncoding = 4; lastKnownFileType = sourcecode.c.h; name = VertexAttribute.h; path = ../../source/Graphics/VertexAttribute.h; sourceTree = "<group>"; };
		483C31C41F0A1D6E002A7870 /* VertexFormat.cpp */ = {isa = PBXFileReference; fileEncoding = 4; lastKnownFileType = sourcecode.cpp.cpp; name = VertexFormat.cpp; path = ../../source/Graphics/VertexFormat.cpp; sourceTree = "<group>"; };
		483C31C51F0A1D6E002A7870 /* VertexFormat.h */ = {isa = PBXFileReference; fileEncoding = 4; lastKnownFileType = sourcecode.c.h; name = VertexFormat.h; path = ../../source/Graphics/VertexFormat.h; sourceTree = "<group>"; };
		48459FE61F1AE3DC000C957F /* ResourceManager.h */ = {isa = PBXFileReference; fileEncoding = 4; lastKnownFileType = sourcecode.c.h; name = ResourceManager.h; path = ../../source/Graphics/ResourceManager.h; sourceTree = "<group>"; };
		48459FE91F1AF922000C957F /* TextureManager.cpp */ = {isa = PBXFileReference; fileEncoding = 4; lastKnownFileType = sourcecode.cpp.cpp; name = TextureManager.cpp; path = ../../source/Graphics/TextureManager.cpp; sourceTree = "<group>"; };
		48459FEA1F1AF922000C957F /* TextureManager.h */ = {isa = PBXFileReference; fileEncoding = 4; lastKnownFileType = sourcecode.c.h; name = TextureManager.h; path = ../../source/Graphics/TextureManager.h; sourceTree = "<group>"; };
		48459FED1F1B17E7000C957F /* ShaderProgramManager.cpp */ = {isa = PBXFileReference; fileEncoding = 4; lastKnownFileType = sourcecode.cpp.cpp; name = ShaderProgramManager.cpp; path = ../../source/Graphics/ShaderProgramManager.cpp; sourceTree = "<group>"; };
		48459FEE1F1B17E7000C957F /* ShaderProgramManager.h */ = {isa = PBXFileReference; fileEncoding = 4; lastKnownFileType = sourcecode.c.h; name = ShaderProgramManager.h; path = ../../source/Graphics/ShaderProgramManager.h; sourceTree = "<group>"; };
		48459FF11F1B180F000C957F /* MeshManager.cpp */ = {isa = PBXFileReference; fileEncoding = 4; lastKnownFileType = sourcecode.cpp.cpp; name = MeshManager.cpp; path = ../../source/Graphics/MeshManager.cpp; sourceTree = "<group>"; };
		48459FF21F1B180F000C957F /* MeshManager.h */ = {isa = PBXFileReference; fileEncoding = 4; lastKnownFileType = sourcecode.c.h; name = MeshManager.h; path = ../../source/Graphics/MeshManager.h; sourceTree = "<group>"; };
		484B41221F12C4A100CE92B4 /* TextureUniformCollection.cpp */ = {isa = PBXFileReference; fileEncoding = 4; lastKnownFileType = sourcecode.cpp.cpp; name = TextureUniformCollection.cpp; path = ../../source/Graphics/TextureUniformCollection.cpp; sourceTree = "<group>"; };
		484B41231F12C4A100CE92B4 /* TextureUniformCollection.h */ = {isa = PBXFileReference; fileEncoding = 4; lastKnownFileType = sourcecode.c.h; name = TextureUniformCollection.h; path = ../../source/Graphics/TextureUniformCollection.h; sourceTree = "<group>"; };
		484B41261F12DD0E00CE92B4 /* FloatUniformCollection.cpp */ = {isa = PBXFileReference; fileEncoding = 4; lastKnownFileType = sourcecode.cpp.cpp; name = FloatUniformCollection.cpp; path = ../../source/Graphics/FloatUniformCollection.cpp; sourceTree = "<group>"; };
		484B41271F12DD0E00CE92B4 /* FloatUniformCollection.h */ = {isa = PBXFileReference; fileEncoding = 4; lastKnownFileType = sourcecode.c.h; name = FloatUniformCollection.h; path = ../../source/Graphics/FloatUniformCollection.h; sourceTree = "<group>"; };
		484B41281F12DD0E00CE92B4 /* Vector2UniformCollection.cpp */ = {isa = PBXFileReference; fileEncoding = 4; lastKnownFileType = sourcecode.cpp.cpp; name = Vector2UniformCollection.cpp; path = ../../source/Graphics/Vector2UniformCollection.cpp; sourceTree = "<group>"; };
		484B41291F12DD0E00CE92B4 /* Vector2UniformCollection.h */ = {isa = PBXFileReference; fileEncoding = 4; lastKnownFileType = sourcecode.c.h; name = Vector2UniformCollection.h; path = ../../source/Graphics/Vector2UniformCollection.h; sourceTree = "<group>"; };
		484B412A1F12DD0E00CE92B4 /* Vector3UniformCollection.cpp */ = {isa = PBXFileReference; fileEncoding = 4; lastKnownFileType = sourcecode.cpp.cpp; name = Vector3UniformCollection.cpp; path = ../../source/Graphics/Vector3UniformCollection.cpp; sourceTree = "<group>"; };
		484B412B1F12DD0E00CE92B4 /* Vector3UniformCollection.h */ = {isa = PBXFileReference; fileEncoding = 4; lastKnownFileType = sourcecode.c.h; name = Vector3UniformCollection.h; path = ../../source/Graphics/Vector3UniformCollection.h; sourceTree = "<group>"; };
		484B412C1F12DD0E00CE92B4 /* Vector4UniformCollection.cpp */ = {isa = PBXFileReference; fileEncoding = 4; lastKnownFileType = sourcecode.cpp.cpp; name = Vector4UniformCollection.cpp; path = ../../source/Graphics/Vector4UniformCollection.cpp; sourceTree = "<group>"; };
		484B412D1F12DD0E00CE92B4 /* Vector4UniformCollection.h */ = {isa = PBXFileReference; fileEncoding = 4; lastKnownFileType = sourcecode.c.h; name = Vector4UniformCollection.h; path = ../../source/Graphics/Vector4UniformCollection.h; sourceTree = "<group>"; };
		485908BC1F11D42F00F7A86F /* Camera.cpp */ = {isa = PBXFileReference; fileEncoding = 4; lastKnownFileType = sourcecode.cpp.cpp; name = Camera.cpp; path = ../../source/Graphics/Camera.cpp; sourceTree = "<group>"; };
		485908BD1F11D42F00F7A86F /* Camera.h */ = {isa = PBXFileReference; fileEncoding = 4; lastKnownFileType = sourcecode.c.h; name = Camera.h; path = ../../source/Graphics/Camera.h; sourceTree = "<group>"; };
		4873E9271F1D837E000BA834 /* Time.h */ = {isa = PBXFileReference; fileEncoding = 4; lastKnownFileType = sourcecode.c.h; name = Time.h; path = ../../source/Time/Time.h; sourceTree = "<group>"; };
		4873E9281F1D837E000BA834 /* Time.cpp */ = {isa = PBXFileReference; fileEncoding = 4; lastKnownFileType = sourcecode.cpp.cpp; name = Time.cpp; path = ../../source/Time/Time.cpp; sourceTree = "<group>"; };
		48839BAB1F08C4CB00D5CEE0 /* GL.cpp */ = {isa = PBXFileReference; fileEncoding = 4; lastKnownFileType = sourcecode.cpp.cpp; name = GL.cpp; path = ../../source/Graphics/GL.cpp; sourceTree = "<group>"; };
		48839BAC1F08C4CB00D5CEE0 /* GL.h */ = {isa = PBXFileReference; fileEncoding = 4; lastKnownFileType = sourcecode.c.h; name = GL.h; path = ../../source/Graphics/GL.h; sourceTree = "<group>"; };
		4898E4541F03261700825E3E /* Vector4.cpp */ = {isa = PBXFileReference; fileEncoding = 4; lastKnownFileType = sourcecode.cpp.cpp; name = Vector4.cpp; path = ../../source/Math/Vector4.cpp; sourceTree = "<group>"; };
		4898E4551F03261700825E3E /* Vector4.h */ = {isa = PBXFileReference; fileEncoding = 4; lastKnownFileType = sourcecode.c.h; name = Vector4.h; path = ../../source/Math/Vector4.h; sourceTree = "<group>"; };
		4898E4581F03262200825E3E /* Mat4x4.cpp */ = {isa = PBXFileReference; fileEncoding = 4; lastKnownFileType = sourcecode.cpp.cpp; name = Mat4x4.cpp; path = ../../source/Math/Mat4x4.cpp; sourceTree = "<group>"; };
		4898E4591F03262200825E3E /* Mat4x4.h */ = {isa = PBXFileReference; fileEncoding = 4; lastKnownFileType = sourcecode.c.h; name = Mat4x4.h; path = ../../source/Math/Mat4x4.h; sourceTree = "<group>"; };
		4898E45C1F0330B600825E3E /* IntVector2.cpp */ = {isa = PBXFileReference; fileEncoding = 4; lastKnownFileType = sourcecode.cpp.cpp; name = IntVector2.cpp; path = ../../source/Math/IntVector2.cpp; sourceTree = "<group>"; };
		4898E45D1F0330B600825E3E /* IntVector2.h */ = {isa = PBXFileReference; fileEncoding = 4; lastKnownFileType = sourcecode.c.h; name = IntVector2.h; path = ../../source/Math/IntVector2.h; sourceTree = "<group>"; };
		4898E4601F03378D00825E3E /* Plane.cpp */ = {isa = PBXFileReference; fileEncoding = 4; lastKnownFileType = sourcecode.cpp.cpp; name = Plane.cpp; path = ../../source/Math/Plane.cpp; sourceTree = "<group>"; };
		4898E4611F03378D00825E3E /* Plane.h */ = {isa = PBXFileReference; fileEncoding = 4; lastKnownFileType = sourcecode.c.h; name = Plane.h; path = ../../source/Math/Plane.h; sourceTree = "<group>"; };
		4899AF5B1F008EE0009B4E73 /* Macros.h */ = {isa = PBXFileReference; fileEncoding = 4; lastKnownFileType = sourcecode.c.h; name = Macros.h; path = ../../source/Utilities/Macros.h; sourceTree = "<group>"; };
		4899AF5E1F009239009B4E73 /* Color.h */ = {isa = PBXFileReference; fileEncoding = 4; lastKnownFileType = sourcecode.c.h; name = Color.h; path = ../../source/Graphics/Color.h; sourceTree = "<group>"; };
		4899AF5F1F009239009B4E73 /* Color.cpp */ = {isa = PBXFileReference; fileEncoding = 4; lastKnownFileType = sourcecode.cpp.cpp; name = Color.cpp; path = ../../source/Graphics/Color.cpp; sourceTree = "<group>"; };
		48B2494B1EFF6DA800A70F35 /* libGDK.a */ = {isa = PBXFileReference; explicitFileType = archive.ar; includeInIndex = 0; path = libGDK.a; sourceTree = BUILT_PRODUCTS_DIR; };
		48C6539C1F05D1090001EDD6 /* Logger.cpp */ = {isa = PBXFileReference; fileEncoding = 4; lastKnownFileType = sourcecode.cpp.cpp; name = Logger.cpp; path = ../../source/Debug/Logger.cpp; sourceTree = "<group>"; };
		48C6539D1F05D1090001EDD6 /* Logger.h */ = {isa = PBXFileReference; fileEncoding = 4; lastKnownFileType = sourcecode.c.h; name = Logger.h; path = ../../source/Debug/Logger.h; sourceTree = "<group>"; };
		48E1E4CF1F12023400D01A6E /* stb_implementation.c */ = {isa = PBXFileReference; fileEncoding = 4; lastKnownFileType = sourcecode.c.c; name = stb_implementation.c; path = ../../includes/Common/stb/stb_implementation.c; sourceTree = "<group>"; };
		48FFC4C61F01DB88003932BA /* Window.cpp */ = {isa = PBXFileReference; fileEncoding = 4; lastKnownFileType = sourcecode.cpp.cpp; name = Window.cpp; path = ../../source/Graphics/Window.cpp; sourceTree = "<group>"; };
		48FFC4C71F01DB88003932BA /* Window.h */ = {isa = PBXFileReference; fileEncoding = 4; lastKnownFileType = sourcecode.c.h; name = Window.h; path = ../../source/Graphics/Window.h; sourceTree = "<group>"; };
		48FFC4CB1F01DEFA003932BA /* Vector3.h */ = {isa = PBXFileReference; fileEncoding = 4; lastKnownFileType = sourcecode.c.h; name = Vector3.h; path = ../../source/Math/Vector3.h; sourceTree = "<group>"; };
		48FFC4CC1F01DEFA003932BA /* Vector3.cpp */ = {isa = PBXFileReference; fileEncoding = 4; lastKnownFileType = sourcecode.cpp.cpp; name = Vector3.cpp; path = ../../source/Math/Vector3.cpp; sourceTree = "<group>"; };
		48FFC4CF1F01E2A2003932BA /* Vector2.cpp */ = {isa = PBXFileReference; fileEncoding = 4; lastKnownFileType = sourcecode.cpp.cpp; name = Vector2.cpp; path = ../../source/Math/Vector2.cpp; sourceTree = "<group>"; };
		48FFC4D01F01E2A2003932BA /* Vector2.h */ = {isa = PBXFileReference; fileEncoding = 4; lastKnownFileType = sourcecode.c.h; name = Vector2.h; path = ../../source/Math/Vector2.h; sourceTree = "<group>"; };
		48FFC4D31F01EC0C003932BA /* Quaternion.cpp */ = {isa = PBXFileReference; fileEncoding = 4; lastKnownFileType = sourcecode.cpp.cpp; name = Quaternion.cpp; path = ../../source/Math/Quaternion.cpp; sourceTree = "<group>"; };
		48FFC4D41F01EC0C003932BA /* Quaternion.h */ = {isa = PBXFileReference; fileEncoding = 4; lastKnownFileType = sourcecode.c.h; name = Quaternion.h; path = ../../source/Math/Quaternion.h; sourceTree = "<group>"; };
		E2639950190D148400B6251A /* Cocoa.framework */ = {isa = PBXFileReference; lastKnownFileType = wrapper.framework; name = Cocoa.framework; path = System/Library/Frameworks/Cocoa.framework; sourceTree = SDKROOT; };
		E2639AE7190D169200B6251A /* OpenGL.framework */ = {isa = PBXFileReference; lastKnownFileType = wrapper.framework; name = OpenGL.framework; path = System/Library/Frameworks/OpenGL.framework; sourceTree = SDKROOT; };
		E2639AFB190D16FF00B6251A /* IOKit.framework */ = {isa = PBXFileReference; lastKnownFileType = wrapper.framework; name = IOKit.framework; path = System/Library/Frameworks/IOKit.framework; sourceTree = SDKROOT; };
		E29C2A8C19FB7AA500A6FCD2 /* QuartzCore.framework */ = {isa = PBXFileReference; lastKnownFileType = wrapper.framework; name = QuartzCore.framework; path = System/Library/Frameworks/QuartzCore.framework; sourceTree = SDKROOT; };
/* End PBXFileReference section */

/* Begin PBXFrameworksBuildPhase section */
		48B249481EFF6DA800A70F35 /* Frameworks */ = {
			isa = PBXFrameworksBuildPhase;
			buildActionMask = 2147483647;
			files = (
			);
			runOnlyForDeploymentPostprocessing = 0;
		};
/* End PBXFrameworksBuildPhase section */

/* Begin PBXGroup section */
		4839F62B1F1834370081237A /* Memory */ = {
			isa = PBXGroup;
			children = (
				4839F62C1F1838D30081237A /* default_ptr.h */,
			);
			name = Memory;
			sourceTree = "<group>";
		};
		483CA4971F04814600E51C4F /* Debug */ = {
			isa = PBXGroup;
			children = (
				48C6539D1F05D1090001EDD6 /* Logger.h */,
				48C6539C1F05D1090001EDD6 /* Logger.cpp */,
				4839F62F1F18392A0081237A /* Exception.h */,
				4839F62E1F18392A0081237A /* Exception.cpp */,
			);
			name = Debug;
			sourceTree = "<group>";
		};
		483CA49C1F0481EF00E51C4F /* Collections */ = {
			isa = PBXGroup;
			children = (
			);
			name = Collections;
			sourceTree = "<group>";
		};
		4845A00A1F1C5178000C957F /* Time */ = {
			isa = PBXGroup;
			children = (
				4873E9271F1D837E000BA834 /* Time.h */,
				4873E9281F1D837E000BA834 /* Time.cpp */,
			);
			name = Time;
			sourceTree = "<group>";
		};
		4899AF5A1F008ED4009B4E73 /* Utilities */ = {
			isa = PBXGroup;
			children = (
				4899AF5B1F008EE0009B4E73 /* Macros.h */,
			);
			name = Utilities;
			sourceTree = "<group>";
		};
		4899AF5D1F00921D009B4E73 /* Graphics */ = {
			isa = PBXGroup;
			children = (
				483C31AA1F09A2B2002A7870 /* DataTypes.h */,
				48839BAC1F08C4CB00D5CEE0 /* GL.h */,
				48839BAB1F08C4CB00D5CEE0 /* GL.cpp */,
				483C31B31F0A0040002A7870 /* DefaultResources.h */,
				483C31B21F0A0040002A7870 /* DefaultResources.cpp */,
				4818CB071F12BDB900D33510 /* UniformCollection.h */,
				484B41231F12C4A100CE92B4 /* TextureUniformCollection.h */,
				484B41221F12C4A100CE92B4 /* TextureUniformCollection.cpp */,
				484B41271F12DD0E00CE92B4 /* FloatUniformCollection.h */,
				484B41261F12DD0E00CE92B4 /* FloatUniformCollection.cpp */,
				484B41291F12DD0E00CE92B4 /* Vector2UniformCollection.h */,
				484B41281F12DD0E00CE92B4 /* Vector2UniformCollection.cpp */,
				484B412B1F12DD0E00CE92B4 /* Vector3UniformCollection.h */,
				484B412A1F12DD0E00CE92B4 /* Vector3UniformCollection.cpp */,
				484B412D1F12DD0E00CE92B4 /* Vector4UniformCollection.h */,
				484B412C1F12DD0E00CE92B4 /* Vector4UniformCollection.cpp */,
				48459FF21F1B180F000C957F /* MeshManager.h */,
				48459FF11F1B180F000C957F /* MeshManager.cpp */,
				48459FEE1F1B17E7000C957F /* ShaderProgramManager.h */,
				48459FED1F1B17E7000C957F /* ShaderProgramManager.cpp */,
				48459FEA1F1AF922000C957F /* TextureManager.h */,
				48459FE91F1AF922000C957F /* TextureManager.cpp */,
				48459FE61F1AE3DC000C957F /* ResourceManager.h */,
				485908BD1F11D42F00F7A86F /* Camera.h */,
				485908BC1F11D42F00F7A86F /* Camera.cpp */,
				483C31C31F0A1D6E002A7870 /* VertexAttribute.h */,
				483C31C21F0A1D6E002A7870 /* VertexAttribute.cpp */,
				483C31C51F0A1D6E002A7870 /* VertexFormat.h */,
				483C31C41F0A1D6E002A7870 /* VertexFormat.cpp */,
				483C31BF1F0A1202002A7870 /* Mesh.h */,
				483C31BE1F0A1202002A7870 /* Mesh.cpp */,
				483C31BB1F0A0ED5002A7870 /* Model.h */,
				483C31BA1F0A0ED5002A7870 /* Model.cpp */,
				483C31B71F0A00F1002A7870 /* Texture.h */,
				483C31B61F0A00F1002A7870 /* Texture.cpp */,
				48FFC4C71F01DB88003932BA /* Window.h */,
				48FFC4C61F01DB88003932BA /* Window.cpp */,
				4899AF5E1F009239009B4E73 /* Color.h */,
				4899AF5F1F009239009B4E73 /* Color.cpp */,
				483C31861F098C53002A7870 /* ShaderProgram.h */,
				483C31851F098C53002A7870 /* ShaderProgram.cpp */,
			);
			name = Graphics;
			sourceTree = "<group>";
		};
		48B2491B1EFF678C00A70F35 /* src */ = {
			isa = PBXGroup;
			children = (
				4845A00A1F1C5178000C957F /* Time */,
				4839F62B1F1834370081237A /* Memory */,
				483CA49C1F0481EF00E51C4F /* Collections */,
				483CA4971F04814600E51C4F /* Debug */,
				48FFC4CA1F01DEF4003932BA /* Math */,
				4899AF5D1F00921D009B4E73 /* Graphics */,
				4899AF5A1F008ED4009B4E73 /* Utilities */,
			);
			name = src;
			sourceTree = "<group>";
		};
		48FFC4CA1F01DEF4003932BA /* Math */ = {
			isa = PBXGroup;
			children = (
				4898E45D1F0330B600825E3E /* IntVector2.h */,
				4898E45C1F0330B600825E3E /* IntVector2.cpp */,
				48FFC4D01F01E2A2003932BA /* Vector2.h */,
				48FFC4CF1F01E2A2003932BA /* Vector2.cpp */,
				48FFC4CB1F01DEFA003932BA /* Vector3.h */,
				48FFC4CC1F01DEFA003932BA /* Vector3.cpp */,
				4898E4551F03261700825E3E /* Vector4.h */,
				4898E4541F03261700825E3E /* Vector4.cpp */,
				48FFC4D41F01EC0C003932BA /* Quaternion.h */,
				48FFC4D31F01EC0C003932BA /* Quaternion.cpp */,
				4898E4591F03262200825E3E /* Mat4x4.h */,
				4898E4581F03262200825E3E /* Mat4x4.cpp */,
				4898E4611F03378D00825E3E /* Plane.h */,
				4898E4601F03378D00825E3E /* Plane.cpp */,
			);
			name = Math;
			sourceTree = "<group>";
		};
		E2639942190D145C00B6251A = {
			isa = PBXGroup;
			children = (
				48B2491B1EFF678C00A70F35 /* src */,
				E29C2AA019FC9ADC00A6FCD2 /* inc */,
				E263994E190D148400B6251A /* output */,
			);
			sourceTree = "<group>";
		};
		E263994E190D148400B6251A /* output */ = {
			isa = PBXGroup;
			children = (
				48B2494B1EFF6DA800A70F35 /* libGDK.a */,
			);
			name = output;
			sourceTree = "<group>";
		};
		E29C2AA019FC9ADC00A6FCD2 /* inc */ = {
			isa = PBXGroup;
			children = (
				48E1E4CF1F12023400D01A6E /* stb_implementation.c */,
				481644471EFF63CC004DA647 /* glew.c */,
				481644451EFF63BC004DA647 /* libglfw3.a */,
				E29C2A8C19FB7AA500A6FCD2 /* QuartzCore.framework */,
				E2639AE7190D169200B6251A /* OpenGL.framework */,
				E2639950190D148400B6251A /* Cocoa.framework */,
				E2639AFB190D16FF00B6251A /* IOKit.framework */,
			);
			name = inc;
			sourceTree = "<group>";
		};
/* End PBXGroup section */

/* Begin PBXHeadersBuildPhase section */
		48B249491EFF6DA800A70F35 /* Headers */ = {
			isa = PBXHeadersBuildPhase;
			buildActionMask = 2147483647;
			files = (
				4898E45B1F03262200825E3E /* Mat4x4.h in Headers */,
				4899AF601F009239009B4E73 /* Color.h in Headers */,
				4898E4571F03261700825E3E /* Vector4.h in Headers */,
				4818CB091F12BDB900D33510 /* UniformCollection.h in Headers */,
				483C31C91F0A1D6E002A7870 /* VertexFormat.h in Headers */,
				48FFC4CD1F01DEFA003932BA /* Vector3.h in Headers */,
				4839F62D1F1838D30081237A /* default_ptr.h in Headers */,
				484B41351F12DD0E00CE92B4 /* Vector4UniformCollection.h in Headers */,
				483C31C11F0A1202002A7870 /* Mesh.h in Headers */,
				483C31C71F0A1D6E002A7870 /* VertexAttribute.h in Headers */,
				483C318A1F098C53002A7870 /* ShaderProgram.h in Headers */,
				483C31B91F0A00F1002A7870 /* Texture.h in Headers */,
				4839F6311F18392A0081237A /* Exception.h in Headers */,
				484B41331F12DD0E00CE92B4 /* Vector3UniformCollection.h in Headers */,
				48FFC4D61F01EC0C003932BA /* Quaternion.h in Headers */,
				48C6539F1F05D1090001EDD6 /* Logger.h in Headers */,
				483C31AC1F09A2B2002A7870 /* DataTypes.h in Headers */,
				4898E45F1F0330B600825E3E /* IntVector2.h in Headers */,
				48FFC4D21F01E2A2003932BA /* Vector2.h in Headers */,
				4898E4631F03378D00825E3E /* Plane.h in Headers */,
				484B41311F12DD0E00CE92B4 /* Vector2UniformCollection.h in Headers */,
				483C31BD1F0A0ED5002A7870 /* Model.h in Headers */,
				48459FF01F1B17E7000C957F /* ShaderProgramManager.h in Headers */,
				48459FE81F1AE3DC000C957F /* ResourceManager.h in Headers */,
				48839BAE1F08C4CB00D5CEE0 /* GL.h in Headers */,
				483C31B51F0A0040002A7870 /* DefaultResources.h in Headers */,
				48FFC4C91F01DB88003932BA /* Window.h in Headers */,
				484B412F1F12DD0E00CE92B4 /* FloatUniformCollection.h in Headers */,
				484B41251F12C4A100CE92B4 /* TextureUniformCollection.h in Headers */,
				485908BF1F11D42F00F7A86F /* Camera.h in Headers */,
				48459FF41F1B180F000C957F /* MeshManager.h in Headers */,
				48459FEC1F1AF922000C957F /* TextureManager.h in Headers */,
				4899AF5C1F008EE0009B4E73 /* Macros.h in Headers */,
			);
			runOnlyForDeploymentPostprocessing = 0;
		};
/* End PBXHeadersBuildPhase section */

/* Begin PBXNativeTarget section */
		48B2494A1EFF6DA800A70F35 /* GDK */ = {
			isa = PBXNativeTarget;
			buildConfigurationList = 48B2494C1EFF6DA800A70F35 /* Build configuration list for PBXNativeTarget "GDK" */;
			buildPhases = (
				48B249471EFF6DA800A70F35 /* Sources */,
				48B249481EFF6DA800A70F35 /* Frameworks */,
				48B249491EFF6DA800A70F35 /* Headers */,
			);
			buildRules = (
			);
			dependencies = (
			);
			name = GDK;
			productName = GDK;
			productReference = 48B2494B1EFF6DA800A70F35 /* libGDK.a */;
			productType = "com.apple.product-type.library.static";
		};
/* End PBXNativeTarget section */

/* Begin PBXProject section */
		E2639943190D145C00B6251A /* Project object */ = {
			isa = PBXProject;
			attributes = {
				LastUpgradeCheck = 0610;
				TargetAttributes = {
					48B2494A1EFF6DA800A70F35 = {
						CreatedOnToolsVersion = 8.3.3;
						DevelopmentTeam = 5TF27L9H3N;
						ProvisioningStyle = Automatic;
					};
				};
			};
			buildConfigurationList = E2639946190D145C00B6251A /* Build configuration list for PBXProject "GDK" */;
			compatibilityVersion = "Xcode 3.2";
			developmentRegion = English;
			hasScannedForEncodings = 0;
			knownRegions = (
				en,
				Base,
			);
			mainGroup = E2639942190D145C00B6251A;
			productRefGroup = E263994E190D148400B6251A /* output */;
			projectDirPath = "";
			projectRoot = "";
			targets = (
				48B2494A1EFF6DA800A70F35 /* GDK */,
			);
		};
/* End PBXProject section */

/* Begin PBXSourcesBuildPhase section */
		48B249471EFF6DA800A70F35 /* Sources */ = {
			isa = PBXSourcesBuildPhase;
			buildActionMask = 2147483647;
			files = (
				483C31C01F0A1202002A7870 /* Mesh.cpp in Sources */,
				48FFC4C81F01DB88003932BA /* Window.cpp in Sources */,
				48839BAD1F08C4CB00D5CEE0 /* GL.cpp in Sources */,
				483C31891F098C53002A7870 /* ShaderProgram.cpp in Sources */,
				4898E4561F03261700825E3E /* Vector4.cpp in Sources */,
				484B41341F12DD0E00CE92B4 /* Vector4UniformCollection.cpp in Sources */,
				484B41301F12DD0E00CE92B4 /* Vector2UniformCollection.cpp in Sources */,
				48FFC4D11F01E2A2003932BA /* Vector2.cpp in Sources */,
				48459FF31F1B180F000C957F /* MeshManager.cpp in Sources */,
				4898E4621F03378D00825E3E /* Plane.cpp in Sources */,
				484B41241F12C4A100CE92B4 /* TextureUniformCollection.cpp in Sources */,
				48FFC4CE1F01DEFA003932BA /* Vector3.cpp in Sources */,
				4898E45A1F03262200825E3E /* Mat4x4.cpp in Sources */,
				483C31BC1F0A0ED5002A7870 /* Model.cpp in Sources */,
				48FFC4D51F01EC0C003932BA /* Quaternion.cpp in Sources */,
				48459FEB1F1AF922000C957F /* TextureManager.cpp in Sources */,
				48459FEF1F1B17E7000C957F /* ShaderProgramManager.cpp in Sources */,
				483C31C81F0A1D6E002A7870 /* VertexFormat.cpp in Sources */,
				484B412E1F12DD0E00CE92B4 /* FloatUniformCollection.cpp in Sources */,
				483C31C61F0A1D6E002A7870 /* VertexAttribute.cpp in Sources */,
				48C6539E1F05D1090001EDD6 /* Logger.cpp in Sources */,
				484B41321F12DD0E00CE92B4 /* Vector3UniformCollection.cpp in Sources */,
				4839F6301F18392A0081237A /* Exception.cpp in Sources */,
				485908BE1F11D42F00F7A86F /* Camera.cpp in Sources */,
				4873E92A1F1D837E000BA834 /* Time.cpp in Sources */,
				4899AF611F009239009B4E73 /* Color.cpp in Sources */,
				483C31B81F0A00F1002A7870 /* Texture.cpp in Sources */,
				4898E45E1F0330B600825E3E /* IntVector2.cpp in Sources */,
				483C31B41F0A0040002A7870 /* DefaultResources.cpp in Sources */,
				48E1E4D01F12023400D01A6E /* stb_implementation.c in Sources */,
			);
			runOnlyForDeploymentPostprocessing = 0;
		};
/* End PBXSourcesBuildPhase section */

/* Begin XCBuildConfiguration section */
		48B2494D1EFF6DA800A70F35 /* Debug */ = {
			isa = XCBuildConfiguration;
			buildSettings = {
				ALWAYS_SEARCH_USER_PATHS = NO;
				CLANG_ANALYZER_NONNULL = YES;
				CLANG_ANALYZER_NUMBER_OBJECT_CONVERSION = YES_AGGRESSIVE;
				CLANG_CXX_LANGUAGE_STANDARD = "c++0x";
				CLANG_CXX_LIBRARY = "libc++";
				CLANG_ENABLE_MODULES = YES;
				CLANG_ENABLE_OBJC_ARC = YES;
				CLANG_WARN_BOOL_CONVERSION = YES;
				CLANG_WARN_CONSTANT_CONVERSION = YES;
				CLANG_WARN_DIRECT_OBJC_ISA_USAGE = YES_ERROR;
				CLANG_WARN_DOCUMENTATION_COMMENTS = YES;
				CLANG_WARN_EMPTY_BODY = YES;
				CLANG_WARN_ENUM_CONVERSION = YES;
				CLANG_WARN_INFINITE_RECURSION = YES;
				CLANG_WARN_INT_CONVERSION = YES;
				CLANG_WARN_OBJC_ROOT_CLASS = YES_ERROR;
				CLANG_WARN_SUSPICIOUS_MOVE = YES;
				CLANG_WARN_UNREACHABLE_CODE = YES;
				CLANG_WARN__DUPLICATE_METHOD_MATCH = YES;
				CODE_SIGN_IDENTITY = "-";
				COPY_PHASE_STRIP = NO;
				DEBUG_INFORMATION_FORMAT = dwarf;
				DEVELOPMENT_TEAM = 5TF27L9H3N;
				ENABLE_STRICT_OBJC_MSGSEND = YES;
				ENABLE_TESTABILITY = YES;
				EXECUTABLE_PREFIX = lib;
				GCC_C_LANGUAGE_STANDARD = gnu99;
				GCC_DYNAMIC_NO_PIC = NO;
				GCC_NO_COMMON_BLOCKS = YES;
				GCC_PREPROCESSOR_DEFINITIONS = (
					"DEBUG=1",
					"$(inherited)",
				);
				GCC_WARN_64_TO_32_BIT_CONVERSION = YES;
				GCC_WARN_ABOUT_RETURN_TYPE = YES_ERROR;
				GCC_WARN_UNDECLARED_SELECTOR = YES;
				GCC_WARN_UNINITIALIZED_AUTOS = YES_AGGRESSIVE;
				GCC_WARN_UNUSED_FUNCTION = YES;
				GCC_WARN_UNUSED_VARIABLE = YES;
				MACOSX_DEPLOYMENT_TARGET = 10.12;
				MTL_ENABLE_DEBUG_INFO = YES;
				PRODUCT_NAME = "$(TARGET_NAME)";
				SDKROOT = macosx;
			};
			name = Debug;
		};
		48B2494E1EFF6DA800A70F35 /* Release */ = {
			isa = XCBuildConfiguration;
			buildSettings = {
				ALWAYS_SEARCH_USER_PATHS = NO;
				CLANG_ANALYZER_NONNULL = YES;
				CLANG_ANALYZER_NUMBER_OBJECT_CONVERSION = YES_AGGRESSIVE;
				CLANG_CXX_LANGUAGE_STANDARD = "c++0x";
				CLANG_CXX_LIBRARY = "libc++";
				CLANG_ENABLE_MODULES = YES;
				CLANG_ENABLE_OBJC_ARC = YES;
				CLANG_WARN_BOOL_CONVERSION = YES;
				CLANG_WARN_CONSTANT_CONVERSION = YES;
				CLANG_WARN_DIRECT_OBJC_ISA_USAGE = YES_ERROR;
				CLANG_WARN_DOCUMENTATION_COMMENTS = YES;
				CLANG_WARN_EMPTY_BODY = YES;
				CLANG_WARN_ENUM_CONVERSION = YES;
				CLANG_WARN_INFINITE_RECURSION = YES;
				CLANG_WARN_INT_CONVERSION = YES;
				CLANG_WARN_OBJC_ROOT_CLASS = YES_ERROR;
				CLANG_WARN_SUSPICIOUS_MOVE = YES;
				CLANG_WARN_UNREACHABLE_CODE = YES;
				CLANG_WARN__DUPLICATE_METHOD_MATCH = YES;
				CODE_SIGN_IDENTITY = "-";
				COPY_PHASE_STRIP = NO;
				DEBUG_INFORMATION_FORMAT = "dwarf-with-dsym";
				DEVELOPMENT_TEAM = 5TF27L9H3N;
				ENABLE_NS_ASSERTIONS = NO;
				ENABLE_STRICT_OBJC_MSGSEND = YES;
				EXECUTABLE_PREFIX = lib;
				GCC_C_LANGUAGE_STANDARD = gnu99;
				GCC_NO_COMMON_BLOCKS = YES;
				GCC_WARN_64_TO_32_BIT_CONVERSION = YES;
				GCC_WARN_ABOUT_RETURN_TYPE = YES_ERROR;
				GCC_WARN_UNDECLARED_SELECTOR = YES;
				GCC_WARN_UNINITIALIZED_AUTOS = YES_AGGRESSIVE;
				GCC_WARN_UNUSED_FUNCTION = YES;
				GCC_WARN_UNUSED_VARIABLE = YES;
				MACOSX_DEPLOYMENT_TARGET = 10.12;
				MTL_ENABLE_DEBUG_INFO = NO;
				PRODUCT_NAME = "$(TARGET_NAME)";
				SDKROOT = macosx;
			};
			name = Release;
		};
		E2639947190D145D00B6251A /* Debug */ = {
			isa = XCBuildConfiguration;
			buildSettings = {
				CLANG_CXX_LANGUAGE_STANDARD = "c++0x";
				GCC_OPTIMIZATION_LEVEL = 0;
				GCC_PREPROCESSOR_DEFINITIONS = (
					"$(inherited)",
					GLM_FORCE_RADIANS,
				);
				GCC_WARN_PEDANTIC = YES;
				HEADER_SEARCH_PATHS = (
					"$(inherited)",
					"\"$(PROJECT_DIR)/../../includes/common\"/**",
				);
				LIBRARY_SEARCH_PATHS = "\"$(PROJECT_DIR)/../../includes/osx\"";
				MACOSX_DEPLOYMENT_TARGET = 10.9;
				ONLY_ACTIVE_ARCH = YES;
			};
			name = Debug;
		};
		E2639948190D145D00B6251A /* Release */ = {
			isa = XCBuildConfiguration;
			buildSettings = {
				CLANG_CXX_LANGUAGE_STANDARD = "c++0x";
				GCC_PREPROCESSOR_DEFINITIONS = (
					"$(inherited)",
					GLM_FORCE_RADIANS,
				);
				GCC_WARN_PEDANTIC = YES;
				HEADER_SEARCH_PATHS = (
					"$(inherited)",
					"\"$(PROJECT_DIR)/../../includes/common\"/**",
				);
				LIBRARY_SEARCH_PATHS = "\"$(PROJECT_DIR)/../../includes/osx\"";
				MACOSX_DEPLOYMENT_TARGET = 10.9;
				ONLY_ACTIVE_ARCH = YES;
			};
			name = Release;
		};
/* End XCBuildConfiguration section */

/* Begin XCConfigurationList section */
		48B2494C1EFF6DA800A70F35 /* Build configuration list for PBXNativeTarget "GDK" */ = {
			isa = XCConfigurationList;
			buildConfigurations = (
				48B2494D1EFF6DA800A70F35 /* Debug */,
				48B2494E1EFF6DA800A70F35 /* Release */,
			);
			defaultConfigurationIsVisible = 0;
			defaultConfigurationName = Release;
		};
		E2639946190D145C00B6251A /* Build configuration list for PBXProject "GDK" */ = {
			isa = XCConfigurationList;
			buildConfigurations = (
				E2639947190D145D00B6251A /* Debug */,
				E2639948190D145D00B6251A /* Release */,
			);
			defaultConfigurationIsVisible = 0;
			defaultConfigurationName = Release;
		};
/* End XCConfigurationList section */
	};
	rootObject = E2639943190D145C00B6251A /* Project object */;
}
