// !$*UTF8*$!
{
	archiveVersion = 1;
	classes = {
	};
	objectVersion = 46;
	objects = {

/* Begin PBXBuildFile section */
		480B953F1F32BDF200B0C34F /* ComponentAnnotations.h in Headers */ = {isa = PBXBuildFile; fileRef = 480B953E1F32BDF200B0C34F /* ComponentAnnotations.h */; };
		48101E081F314BC000A2AC40 /* Collider.h in Headers */ = {isa = PBXBuildFile; fileRef = 48101E061F314BC000A2AC40 /* Collider.h */; };
		48101E091F314BC000A2AC40 /* Collider.cpp in Sources */ = {isa = PBXBuildFile; fileRef = 48101E071F314BC000A2AC40 /* Collider.cpp */; };
		4818CB091F12BDB900D33510 /* UniformCollection.h in Headers */ = {isa = PBXBuildFile; fileRef = 4818CB071F12BDB900D33510 /* UniformCollection.h */; };
		4828B0BF1F2971E7007F184F /* Component.h in Headers */ = {isa = PBXBuildFile; fileRef = 4828B0B51F2971E7007F184F /* Component.h */; };
		4828B0C01F2971E7007F184F /* GameObject.h in Headers */ = {isa = PBXBuildFile; fileRef = 4828B0B61F2971E7007F184F /* GameObject.h */; };
		4828B0C21F2971E7007F184F /* Scene.h in Headers */ = {isa = PBXBuildFile; fileRef = 4828B0B81F2971E7007F184F /* Scene.h */; };
		4828B0C31F2971E7007F184F /* SceneGraph.h in Headers */ = {isa = PBXBuildFile; fileRef = 4828B0B91F2971E7007F184F /* SceneGraph.h */; };
		4828B0C41F2971E7007F184F /* Component.cpp in Sources */ = {isa = PBXBuildFile; fileRef = 4828B0BA1F2971E7007F184F /* Component.cpp */; };
		4828B0C51F2971E7007F184F /* GameObject.cpp in Sources */ = {isa = PBXBuildFile; fileRef = 4828B0BB1F2971E7007F184F /* GameObject.cpp */; };
		4828B0C71F2971E7007F184F /* Scene.cpp in Sources */ = {isa = PBXBuildFile; fileRef = 4828B0BD1F2971E7007F184F /* Scene.cpp */; };
		4828B0C81F2971E7007F184F /* SceneGraph.cpp in Sources */ = {isa = PBXBuildFile; fileRef = 4828B0BE1F2971E7007F184F /* SceneGraph.cpp */; };
		48353B3A1F2FFC6C000A28C5 /* Box2D.h in Headers */ = {isa = PBXBuildFile; fileRef = 48353B391F2FFC6C000A28C5 /* Box2D.h */; };
		48353B491F2FFC86000A28C5 /* b2BroadPhase.h in Headers */ = {isa = PBXBuildFile; fileRef = 48353B3C1F2FFC86000A28C5 /* b2BroadPhase.h */; };
		48353B4A1F2FFC86000A28C5 /* b2Collision.h in Headers */ = {isa = PBXBuildFile; fileRef = 48353B3D1F2FFC86000A28C5 /* b2Collision.h */; };
		48353B4B1F2FFC86000A28C5 /* b2Distance.h in Headers */ = {isa = PBXBuildFile; fileRef = 48353B3E1F2FFC86000A28C5 /* b2Distance.h */; };
		48353B4C1F2FFC86000A28C5 /* b2DynamicTree.h in Headers */ = {isa = PBXBuildFile; fileRef = 48353B3F1F2FFC86000A28C5 /* b2DynamicTree.h */; };
		48353B4D1F2FFC86000A28C5 /* b2TimeOfImpact.h in Headers */ = {isa = PBXBuildFile; fileRef = 48353B401F2FFC86000A28C5 /* b2TimeOfImpact.h */; };
		48353B4E1F2FFC86000A28C5 /* b2BroadPhase.cpp in Sources */ = {isa = PBXBuildFile; fileRef = 48353B411F2FFC86000A28C5 /* b2BroadPhase.cpp */; };
		48353B4F1F2FFC86000A28C5 /* b2CollideCircle.cpp in Sources */ = {isa = PBXBuildFile; fileRef = 48353B421F2FFC86000A28C5 /* b2CollideCircle.cpp */; };
		48353B501F2FFC86000A28C5 /* b2CollideEdge.cpp in Sources */ = {isa = PBXBuildFile; fileRef = 48353B431F2FFC86000A28C5 /* b2CollideEdge.cpp */; };
		48353B511F2FFC86000A28C5 /* b2CollidePolygon.cpp in Sources */ = {isa = PBXBuildFile; fileRef = 48353B441F2FFC86000A28C5 /* b2CollidePolygon.cpp */; };
		48353B521F2FFC86000A28C5 /* b2Collision.cpp in Sources */ = {isa = PBXBuildFile; fileRef = 48353B451F2FFC86000A28C5 /* b2Collision.cpp */; };
		48353B531F2FFC86000A28C5 /* b2Distance.cpp in Sources */ = {isa = PBXBuildFile; fileRef = 48353B461F2FFC86000A28C5 /* b2Distance.cpp */; };
		48353B541F2FFC86000A28C5 /* b2DynamicTree.cpp in Sources */ = {isa = PBXBuildFile; fileRef = 48353B471F2FFC86000A28C5 /* b2DynamicTree.cpp */; };
		48353B551F2FFC86000A28C5 /* b2TimeOfImpact.cpp in Sources */ = {isa = PBXBuildFile; fileRef = 48353B481F2FFC86000A28C5 /* b2TimeOfImpact.cpp */; };
		48353B611F2FFCAA000A28C5 /* b2ChainShape.h in Headers */ = {isa = PBXBuildFile; fileRef = 48353B581F2FFCAA000A28C5 /* b2ChainShape.h */; };
		48353B621F2FFCAA000A28C5 /* b2CircleShape.h in Headers */ = {isa = PBXBuildFile; fileRef = 48353B591F2FFCAA000A28C5 /* b2CircleShape.h */; };
		48353B631F2FFCAA000A28C5 /* b2EdgeShape.h in Headers */ = {isa = PBXBuildFile; fileRef = 48353B5A1F2FFCAA000A28C5 /* b2EdgeShape.h */; };
		48353B641F2FFCAA000A28C5 /* b2PolygonShape.h in Headers */ = {isa = PBXBuildFile; fileRef = 48353B5B1F2FFCAA000A28C5 /* b2PolygonShape.h */; };
		48353B651F2FFCAA000A28C5 /* b2Shape.h in Headers */ = {isa = PBXBuildFile; fileRef = 48353B5C1F2FFCAA000A28C5 /* b2Shape.h */; };
		48353B661F2FFCAA000A28C5 /* b2ChainShape.cpp in Sources */ = {isa = PBXBuildFile; fileRef = 48353B5D1F2FFCAA000A28C5 /* b2ChainShape.cpp */; };
		48353B671F2FFCAA000A28C5 /* b2CircleShape.cpp in Sources */ = {isa = PBXBuildFile; fileRef = 48353B5E1F2FFCAA000A28C5 /* b2CircleShape.cpp */; };
		48353B681F2FFCAA000A28C5 /* b2EdgeShape.cpp in Sources */ = {isa = PBXBuildFile; fileRef = 48353B5F1F2FFCAA000A28C5 /* b2EdgeShape.cpp */; };
		48353B691F2FFCAA000A28C5 /* b2PolygonShape.cpp in Sources */ = {isa = PBXBuildFile; fileRef = 48353B601F2FFCAA000A28C5 /* b2PolygonShape.cpp */; };
		48353BB81F3003A9000A28C5 /* SceneGraph.h in Headers */ = {isa = PBXBuildFile; fileRef = 48353BB61F3003A9000A28C5 /* SceneGraph.h */; };
		48353BB91F3003A9000A28C5 /* SceneGraph.cpp in Sources */ = {isa = PBXBuildFile; fileRef = 48353BB71F3003A9000A28C5 /* SceneGraph.cpp */; };
		48353BBF1F3007CA000A28C5 /* ComponentInterface.h in Headers */ = {isa = PBXBuildFile; fileRef = 48353BBE1F3007CA000A28C5 /* ComponentInterface.h */; };
		48353BC21F300A7E000A28C5 /* CollisionInfo.h in Headers */ = {isa = PBXBuildFile; fileRef = 48353BC01F300A7E000A28C5 /* CollisionInfo.h */; };
		48353BC31F300A7E000A28C5 /* CollisionInfo.cpp in Sources */ = {isa = PBXBuildFile; fileRef = 48353BC11F300A7E000A28C5 /* CollisionInfo.cpp */; };
		48353BC61F301575000A28C5 /* Rigidbody.h in Headers */ = {isa = PBXBuildFile; fileRef = 48353BC41F301575000A28C5 /* Rigidbody.h */; };
		48353BC71F301575000A28C5 /* Rigidbody.cpp in Sources */ = {isa = PBXBuildFile; fileRef = 48353BC51F301575000A28C5 /* Rigidbody.cpp */; };
		4839F6301F18392A0081237A /* Exception.cpp in Sources */ = {isa = PBXBuildFile; fileRef = 4839F62E1F18392A0081237A /* Exception.cpp */; };
		4839F6311F18392A0081237A /* Exception.h in Headers */ = {isa = PBXBuildFile; fileRef = 4839F62F1F18392A0081237A /* Exception.h */; };
		483A708A1F328EE900A074C5 /* SimpleCollider.h in Headers */ = {isa = PBXBuildFile; fileRef = 483A70881F328EE900A074C5 /* SimpleCollider.h */; };
		483A708E1F329C0A00A074C5 /* BoxCollider.h in Headers */ = {isa = PBXBuildFile; fileRef = 483A708C1F329C0A00A074C5 /* BoxCollider.h */; };
		483A708F1F329C0A00A074C5 /* BoxCollider.cpp in Sources */ = {isa = PBXBuildFile; fileRef = 483A708D1F329C0A00A074C5 /* BoxCollider.cpp */; };
		483C31891F098C53002A7870 /* ShaderProgram.cpp in Sources */ = {isa = PBXBuildFile; fileRef = 483C31851F098C53002A7870 /* ShaderProgram.cpp */; };
		483C318A1F098C53002A7870 /* ShaderProgram.h in Headers */ = {isa = PBXBuildFile; fileRef = 483C31861F098C53002A7870 /* ShaderProgram.h */; };
		483C31AC1F09A2B2002A7870 /* DataTypes.h in Headers */ = {isa = PBXBuildFile; fileRef = 483C31AA1F09A2B2002A7870 /* DataTypes.h */; };
		483C31B41F0A0040002A7870 /* DefaultResources.cpp in Sources */ = {isa = PBXBuildFile; fileRef = 483C31B21F0A0040002A7870 /* DefaultResources.cpp */; };
		483C31B51F0A0040002A7870 /* DefaultResources.h in Headers */ = {isa = PBXBuildFile; fileRef = 483C31B31F0A0040002A7870 /* DefaultResources.h */; };
		483C31B81F0A00F1002A7870 /* Texture.cpp in Sources */ = {isa = PBXBuildFile; fileRef = 483C31B61F0A00F1002A7870 /* Texture.cpp */; };
		483C31B91F0A00F1002A7870 /* Texture.h in Headers */ = {isa = PBXBuildFile; fileRef = 483C31B71F0A00F1002A7870 /* Texture.h */; };
		483C31BC1F0A0ED5002A7870 /* Model.cpp in Sources */ = {isa = PBXBuildFile; fileRef = 483C31BA1F0A0ED5002A7870 /* Model.cpp */; };
		483C31BD1F0A0ED5002A7870 /* Model.h in Headers */ = {isa = PBXBuildFile; fileRef = 483C31BB1F0A0ED5002A7870 /* Model.h */; };
		483C31C01F0A1202002A7870 /* Mesh.cpp in Sources */ = {isa = PBXBuildFile; fileRef = 483C31BE1F0A1202002A7870 /* Mesh.cpp */; };
		483C31C11F0A1202002A7870 /* Mesh.h in Headers */ = {isa = PBXBuildFile; fileRef = 483C31BF1F0A1202002A7870 /* Mesh.h */; };
		483C31C61F0A1D6E002A7870 /* VertexAttribute.cpp in Sources */ = {isa = PBXBuildFile; fileRef = 483C31C21F0A1D6E002A7870 /* VertexAttribute.cpp */; };
		483C31C71F0A1D6E002A7870 /* VertexAttribute.h in Headers */ = {isa = PBXBuildFile; fileRef = 483C31C31F0A1D6E002A7870 /* VertexAttribute.h */; };
		483C31C81F0A1D6E002A7870 /* VertexFormat.cpp in Sources */ = {isa = PBXBuildFile; fileRef = 483C31C41F0A1D6E002A7870 /* VertexFormat.cpp */; };
		483C31C91F0A1D6E002A7870 /* VertexFormat.h in Headers */ = {isa = PBXBuildFile; fileRef = 483C31C51F0A1D6E002A7870 /* VertexFormat.h */; };
		484401401F2AD297003FD501 /* resource_manager.h in Headers */ = {isa = PBXBuildFile; fileRef = 4844013F1F2AD297003FD501 /* resource_manager.h */; };
		48459FEB1F1AF922000C957F /* TextureManager.cpp in Sources */ = {isa = PBXBuildFile; fileRef = 48459FE91F1AF922000C957F /* TextureManager.cpp */; };
		48459FEC1F1AF922000C957F /* TextureManager.h in Headers */ = {isa = PBXBuildFile; fileRef = 48459FEA1F1AF922000C957F /* TextureManager.h */; };
		48459FEF1F1B17E7000C957F /* ShaderProgramManager.cpp in Sources */ = {isa = PBXBuildFile; fileRef = 48459FED1F1B17E7000C957F /* ShaderProgramManager.cpp */; };
		48459FF01F1B17E7000C957F /* ShaderProgramManager.h in Headers */ = {isa = PBXBuildFile; fileRef = 48459FEE1F1B17E7000C957F /* ShaderProgramManager.h */; };
		48459FF31F1B180F000C957F /* MeshManager.cpp in Sources */ = {isa = PBXBuildFile; fileRef = 48459FF11F1B180F000C957F /* MeshManager.cpp */; };
		48459FF41F1B180F000C957F /* MeshManager.h in Headers */ = {isa = PBXBuildFile; fileRef = 48459FF21F1B180F000C957F /* MeshManager.h */; };
		484B41241F12C4A100CE92B4 /* TextureUniformCollection.cpp in Sources */ = {isa = PBXBuildFile; fileRef = 484B41221F12C4A100CE92B4 /* TextureUniformCollection.cpp */; };
		484B41251F12C4A100CE92B4 /* TextureUniformCollection.h in Headers */ = {isa = PBXBuildFile; fileRef = 484B41231F12C4A100CE92B4 /* TextureUniformCollection.h */; };
		484B412E1F12DD0E00CE92B4 /* FloatUniformCollection.cpp in Sources */ = {isa = PBXBuildFile; fileRef = 484B41261F12DD0E00CE92B4 /* FloatUniformCollection.cpp */; };
		484B412F1F12DD0E00CE92B4 /* FloatUniformCollection.h in Headers */ = {isa = PBXBuildFile; fileRef = 484B41271F12DD0E00CE92B4 /* FloatUniformCollection.h */; };
		484B41301F12DD0E00CE92B4 /* Vector2UniformCollection.cpp in Sources */ = {isa = PBXBuildFile; fileRef = 484B41281F12DD0E00CE92B4 /* Vector2UniformCollection.cpp */; };
		484B41311F12DD0E00CE92B4 /* Vector2UniformCollection.h in Headers */ = {isa = PBXBuildFile; fileRef = 484B41291F12DD0E00CE92B4 /* Vector2UniformCollection.h */; };
		484B41321F12DD0E00CE92B4 /* Vector3UniformCollection.cpp in Sources */ = {isa = PBXBuildFile; fileRef = 484B412A1F12DD0E00CE92B4 /* Vector3UniformCollection.cpp */; };
		484B41331F12DD0E00CE92B4 /* Vector3UniformCollection.h in Headers */ = {isa = PBXBuildFile; fileRef = 484B412B1F12DD0E00CE92B4 /* Vector3UniformCollection.h */; };
		484B41341F12DD0E00CE92B4 /* Vector4UniformCollection.cpp in Sources */ = {isa = PBXBuildFile; fileRef = 484B412C1F12DD0E00CE92B4 /* Vector4UniformCollection.cpp */; };
		484B41351F12DD0E00CE92B4 /* Vector4UniformCollection.h in Headers */ = {isa = PBXBuildFile; fileRef = 484B412D1F12DD0E00CE92B4 /* Vector4UniformCollection.h */; };
		485908BE1F11D42F00F7A86F /* Camera.cpp in Sources */ = {isa = PBXBuildFile; fileRef = 485908BC1F11D42F00F7A86F /* Camera.cpp */; };
		485908BF1F11D42F00F7A86F /* Camera.h in Headers */ = {isa = PBXBuildFile; fileRef = 485908BD1F11D42F00F7A86F /* Camera.h */; };
		4873E92A1F1D837E000BA834 /* Time.cpp in Sources */ = {isa = PBXBuildFile; fileRef = 4873E9281F1D837E000BA834 /* Time.cpp */; };
		488285F71F2D747200D9945B /* GraphicsComponent.h in Headers */ = {isa = PBXBuildFile; fileRef = 488285F31F2D747200D9945B /* GraphicsComponent.h */; };
		488285F81F2D747200D9945B /* GraphicsScene.h in Headers */ = {isa = PBXBuildFile; fileRef = 488285F41F2D747200D9945B /* GraphicsScene.h */; };
		488285F91F2D747200D9945B /* GraphicsComponent.cpp in Sources */ = {isa = PBXBuildFile; fileRef = 488285F51F2D747200D9945B /* GraphicsComponent.cpp */; };
		488285FA1F2D747200D9945B /* GraphicsScene.cpp in Sources */ = {isa = PBXBuildFile; fileRef = 488285F61F2D747200D9945B /* GraphicsScene.cpp */; };
		488286001F2D7A1E00D9945B /* Camera.h in Headers */ = {isa = PBXBuildFile; fileRef = 488285FC1F2D7A1E00D9945B /* Camera.h */; };
		488286011F2D7A1E00D9945B /* Mesh.h in Headers */ = {isa = PBXBuildFile; fileRef = 488285FD1F2D7A1E00D9945B /* Mesh.h */; };
		488286021F2D7A1E00D9945B /* Camera.cpp in Sources */ = {isa = PBXBuildFile; fileRef = 488285FE1F2D7A1E00D9945B /* Camera.cpp */; };
		488286031F2D7A1E00D9945B /* Mesh.cpp in Sources */ = {isa = PBXBuildFile; fileRef = 488285FF1F2D7A1E00D9945B /* Mesh.cpp */; };
		488286071F2DC09D00D9945B /* SceneManager.cpp in Sources */ = {isa = PBXBuildFile; fileRef = 488286051F2DC09D00D9945B /* SceneManager.cpp */; };
		488286091F2DC0AD00D9945B /* SceneManager.h in Headers */ = {isa = PBXBuildFile; fileRef = 488286081F2DC0AD00D9945B /* SceneManager.h */; };
		48839BAD1F08C4CB00D5CEE0 /* GL.cpp in Sources */ = {isa = PBXBuildFile; fileRef = 48839BAB1F08C4CB00D5CEE0 /* GL.cpp */; };
		48839BAE1F08C4CB00D5CEE0 /* GL.h in Headers */ = {isa = PBXBuildFile; fileRef = 48839BAC1F08C4CB00D5CEE0 /* GL.h */; };
		4896442A1F23C4960016909E /* Trigonometry.cpp in Sources */ = {isa = PBXBuildFile; fileRef = 489644281F23C4960016909E /* Trigonometry.cpp */; };
		4896442B1F23C4960016909E /* Trigonometry.h in Headers */ = {isa = PBXBuildFile; fileRef = 489644291F23C4960016909E /* Trigonometry.h */; };
		4896442E1F23ED350016909E /* Mat4x4UniformCollection.cpp in Sources */ = {isa = PBXBuildFile; fileRef = 4896442C1F23ED350016909E /* Mat4x4UniformCollection.cpp */; };
		4896442F1F23ED350016909E /* Mat4x4UniformCollection.h in Headers */ = {isa = PBXBuildFile; fileRef = 4896442D1F23ED350016909E /* Mat4x4UniformCollection.h */; };
		48974D281F2D0090008BAAE0 /* auth_map.h in Headers */ = {isa = PBXBuildFile; fileRef = 48974D241F2D0090008BAAE0 /* auth_map.h */; };
		48974D291F2D0090008BAAE0 /* auth_vector.h in Headers */ = {isa = PBXBuildFile; fileRef = 48974D251F2D0090008BAAE0 /* auth_vector.h */; };
		4898C0D21F245951007F3B88 /* Mouse.h in Headers */ = {isa = PBXBuildFile; fileRef = 4898C0D01F245951007F3B88 /* Mouse.h */; };
		4898C0D31F245951007F3B88 /* Mouse.cpp in Sources */ = {isa = PBXBuildFile; fileRef = 4898C0D11F245951007F3B88 /* Mouse.cpp */; };
		4898C0D91F2468B9007F3B88 /* default_ptr.h in Headers */ = {isa = PBXBuildFile; fileRef = 4898C0D41F2468B9007F3B88 /* default_ptr.h */; };
		4898C0DA1F2468B9007F3B88 /* dynamic_pool.h in Headers */ = {isa = PBXBuildFile; fileRef = 4898C0D51F2468B9007F3B88 /* dynamic_pool.h */; };
		4898C0DB1F2468B9007F3B88 /* static_pool.h in Headers */ = {isa = PBXBuildFile; fileRef = 4898C0D61F2468B9007F3B88 /* static_pool.h */; };
		4898E4561F03261700825E3E /* Vector4.cpp in Sources */ = {isa = PBXBuildFile; fileRef = 4898E4541F03261700825E3E /* Vector4.cpp */; };
		4898E4571F03261700825E3E /* Vector4.h in Headers */ = {isa = PBXBuildFile; fileRef = 4898E4551F03261700825E3E /* Vector4.h */; };
		4898E45A1F03262200825E3E /* Mat4x4.cpp in Sources */ = {isa = PBXBuildFile; fileRef = 4898E4581F03262200825E3E /* Mat4x4.cpp */; };
		4898E45B1F03262200825E3E /* Mat4x4.h in Headers */ = {isa = PBXBuildFile; fileRef = 4898E4591F03262200825E3E /* Mat4x4.h */; };
		4898E45E1F0330B600825E3E /* IntVector2.cpp in Sources */ = {isa = PBXBuildFile; fileRef = 4898E45C1F0330B600825E3E /* IntVector2.cpp */; };
		4898E45F1F0330B600825E3E /* IntVector2.h in Headers */ = {isa = PBXBuildFile; fileRef = 4898E45D1F0330B600825E3E /* IntVector2.h */; };
		4898E4621F03378D00825E3E /* Plane.cpp in Sources */ = {isa = PBXBuildFile; fileRef = 4898E4601F03378D00825E3E /* Plane.cpp */; };
		4898E4631F03378D00825E3E /* Plane.h in Headers */ = {isa = PBXBuildFile; fileRef = 4898E4611F03378D00825E3E /* Plane.h */; };
		4899AF601F009239009B4E73 /* Color.h in Headers */ = {isa = PBXBuildFile; fileRef = 4899AF5E1F009239009B4E73 /* Color.h */; };
		4899AF611F009239009B4E73 /* Color.cpp in Sources */ = {isa = PBXBuildFile; fileRef = 4899AF5F1F009239009B4E73 /* Color.cpp */; };
		48C6539E1F05D1090001EDD6 /* Logger.cpp in Sources */ = {isa = PBXBuildFile; fileRef = 48C6539C1F05D1090001EDD6 /* Logger.cpp */; };
		48C6539F1F05D1090001EDD6 /* Logger.h in Headers */ = {isa = PBXBuildFile; fileRef = 48C6539D1F05D1090001EDD6 /* Logger.h */; };
		48E1E4D01F12023400D01A6E /* stb_implementation.c in Sources */ = {isa = PBXBuildFile; fileRef = 48E1E4CF1F12023400D01A6E /* stb_implementation.c */; };
		48E5F75E1F243E0C00ABDD0F /* Keyboard.h in Headers */ = {isa = PBXBuildFile; fileRef = 48E5F75C1F243E0C00ABDD0F /* Keyboard.h */; };
		48E5F75F1F243E0C00ABDD0F /* Keyboard.cpp in Sources */ = {isa = PBXBuildFile; fileRef = 48E5F75D1F243E0C00ABDD0F /* Keyboard.cpp */; };
		48EC8AE61F2EC6A6005DD8F3 /* AudioScene.h in Headers */ = {isa = PBXBuildFile; fileRef = 48EC8AE51F2EC6A6005DD8F3 /* AudioScene.h */; };
		48EC8AEB1F2EC6BF005DD8F3 /* Listener.h in Headers */ = {isa = PBXBuildFile; fileRef = 48EC8AE81F2EC6BF005DD8F3 /* Listener.h */; };
		48EC8AEC1F2EC6BF005DD8F3 /* AudioScene.cpp in Sources */ = {isa = PBXBuildFile; fileRef = 48EC8AE91F2EC6BF005DD8F3 /* AudioScene.cpp */; };
		48EC8AED1F2EC6BF005DD8F3 /* Listener.cpp in Sources */ = {isa = PBXBuildFile; fileRef = 48EC8AEA1F2EC6BF005DD8F3 /* Listener.cpp */; };
		48EC8AF01F2ECB22005DD8F3 /* Source.h in Headers */ = {isa = PBXBuildFile; fileRef = 48EC8AEE1F2ECB22005DD8F3 /* Source.h */; };
		48EC8AF11F2ECB22005DD8F3 /* Source.cpp in Sources */ = {isa = PBXBuildFile; fileRef = 48EC8AEF1F2ECB22005DD8F3 /* Source.cpp */; };
		48FFC4C81F01DB88003932BA /* Window.cpp in Sources */ = {isa = PBXBuildFile; fileRef = 48FFC4C61F01DB88003932BA /* Window.cpp */; };
		48FFC4C91F01DB88003932BA /* Window.h in Headers */ = {isa = PBXBuildFile; fileRef = 48FFC4C71F01DB88003932BA /* Window.h */; };
		48FFC4CD1F01DEFA003932BA /* Vector3.h in Headers */ = {isa = PBXBuildFile; fileRef = 48FFC4CB1F01DEFA003932BA /* Vector3.h */; };
		48FFC4CE1F01DEFA003932BA /* Vector3.cpp in Sources */ = {isa = PBXBuildFile; fileRef = 48FFC4CC1F01DEFA003932BA /* Vector3.cpp */; };
		48FFC4D11F01E2A2003932BA /* Vector2.cpp in Sources */ = {isa = PBXBuildFile; fileRef = 48FFC4CF1F01E2A2003932BA /* Vector2.cpp */; };
		48FFC4D21F01E2A2003932BA /* Vector2.h in Headers */ = {isa = PBXBuildFile; fileRef = 48FFC4D01F01E2A2003932BA /* Vector2.h */; };
		48FFC4D51F01EC0C003932BA /* Quaternion.cpp in Sources */ = {isa = PBXBuildFile; fileRef = 48FFC4D31F01EC0C003932BA /* Quaternion.cpp */; };
		48FFC4D61F01EC0C003932BA /* Quaternion.h in Headers */ = {isa = PBXBuildFile; fileRef = 48FFC4D41F01EC0C003932BA /* Quaternion.h */; };
/* End PBXBuildFile section */

/* Begin PBXFileReference section */
		480B953E1F32BDF200B0C34F /* ComponentAnnotations.h */ = {isa = PBXFileReference; fileEncoding = 4; lastKnownFileType = sourcecode.c.h; name = ComponentAnnotations.h; path = ../../source/EntityComponentSystem/ComponentAnnotations.h; sourceTree = "<group>"; };
		48101E061F314BC000A2AC40 /* Collider.h */ = {isa = PBXFileReference; fileEncoding = 4; lastKnownFileType = sourcecode.c.h; name = Collider.h; path = ../../source/EntityComponentSystem/Physics2D/Collider.h; sourceTree = "<group>"; };
		48101E071F314BC000A2AC40 /* Collider.cpp */ = {isa = PBXFileReference; fileEncoding = 4; lastKnownFileType = sourcecode.cpp.cpp; name = Collider.cpp; path = ../../source/EntityComponentSystem/Physics2D/Collider.cpp; sourceTree = "<group>"; };
		481644451EFF63BC004DA647 /* libglfw3.a */ = {isa = PBXFileReference; lastKnownFileType = archive.ar; name = libglfw3.a; path = ../../Includes/OSX/libglfw3.a; sourceTree = "<group>"; };
		481644471EFF63CC004DA647 /* glew.c */ = {isa = PBXFileReference; fileEncoding = 4; lastKnownFileType = sourcecode.c.c; name = glew.c; path = ../../Includes/Common/glew/src/glew.c; sourceTree = "<group>"; };
		4818CB071F12BDB900D33510 /* UniformCollection.h */ = {isa = PBXFileReference; fileEncoding = 4; lastKnownFileType = sourcecode.c.h; name = UniformCollection.h; path = ../../source/Graphics/UniformCollection.h; sourceTree = "<group>"; };
		4828B0B51F2971E7007F184F /* Component.h */ = {isa = PBXFileReference; fileEncoding = 4; lastKnownFileType = sourcecode.c.h; name = Component.h; path = ../../source/EntityComponentSystem/Component.h; sourceTree = "<group>"; };
		4828B0B61F2971E7007F184F /* GameObject.h */ = {isa = PBXFileReference; fileEncoding = 4; lastKnownFileType = sourcecode.c.h; name = GameObject.h; path = ../../source/EntityComponentSystem/GameObject.h; sourceTree = "<group>"; };
		4828B0B81F2971E7007F184F /* Scene.h */ = {isa = PBXFileReference; fileEncoding = 4; lastKnownFileType = sourcecode.c.h; name = Scene.h; path = ../../source/EntityComponentSystem/Scene.h; sourceTree = "<group>"; };
		4828B0B91F2971E7007F184F /* SceneGraph.h */ = {isa = PBXFileReference; fileEncoding = 4; lastKnownFileType = sourcecode.c.h; name = SceneGraph.h; path = ../../source/EntityComponentSystem/SceneGraph.h; sourceTree = "<group>"; };
		4828B0BA1F2971E7007F184F /* Component.cpp */ = {isa = PBXFileReference; fileEncoding = 4; lastKnownFileType = sourcecode.cpp.cpp; name = Component.cpp; path = ../../source/EntityComponentSystem/Component.cpp; sourceTree = "<group>"; };
		4828B0BB1F2971E7007F184F /* GameObject.cpp */ = {isa = PBXFileReference; fileEncoding = 4; lastKnownFileType = sourcecode.cpp.cpp; name = GameObject.cpp; path = ../../source/EntityComponentSystem/GameObject.cpp; sourceTree = "<group>"; };
		4828B0BD1F2971E7007F184F /* Scene.cpp */ = {isa = PBXFileReference; fileEncoding = 4; lastKnownFileType = sourcecode.cpp.cpp; name = Scene.cpp; path = ../../source/EntityComponentSystem/Scene.cpp; sourceTree = "<group>"; };
		4828B0BE1F2971E7007F184F /* SceneGraph.cpp */ = {isa = PBXFileReference; fileEncoding = 4; lastKnownFileType = sourcecode.cpp.cpp; name = SceneGraph.cpp; path = ../../source/EntityComponentSystem/SceneGraph.cpp; sourceTree = "<group>"; };
		48353B391F2FFC6C000A28C5 /* Box2D.h */ = {isa = PBXFileReference; fileEncoding = 4; lastKnownFileType = sourcecode.c.h; name = Box2D.h; path = ../../includes/Common/Box2D/Box2D.h; sourceTree = "<group>"; };
		48353B3C1F2FFC86000A28C5 /* b2BroadPhase.h */ = {isa = PBXFileReference; fileEncoding = 4; lastKnownFileType = sourcecode.c.h; name = b2BroadPhase.h; path = ../../includes/Common/Box2D/Collision/b2BroadPhase.h; sourceTree = "<group>"; };
		48353B3D1F2FFC86000A28C5 /* b2Collision.h */ = {isa = PBXFileReference; fileEncoding = 4; lastKnownFileType = sourcecode.c.h; name = b2Collision.h; path = ../../includes/Common/Box2D/Collision/b2Collision.h; sourceTree = "<group>"; };
		48353B3E1F2FFC86000A28C5 /* b2Distance.h */ = {isa = PBXFileReference; fileEncoding = 4; lastKnownFileType = sourcecode.c.h; name = b2Distance.h; path = ../../includes/Common/Box2D/Collision/b2Distance.h; sourceTree = "<group>"; };
		48353B3F1F2FFC86000A28C5 /* b2DynamicTree.h */ = {isa = PBXFileReference; fileEncoding = 4; lastKnownFileType = sourcecode.c.h; name = b2DynamicTree.h; path = ../../includes/Common/Box2D/Collision/b2DynamicTree.h; sourceTree = "<group>"; };
		48353B401F2FFC86000A28C5 /* b2TimeOfImpact.h */ = {isa = PBXFileReference; fileEncoding = 4; lastKnownFileType = sourcecode.c.h; name = b2TimeOfImpact.h; path = ../../includes/Common/Box2D/Collision/b2TimeOfImpact.h; sourceTree = "<group>"; };
		48353B411F2FFC86000A28C5 /* b2BroadPhase.cpp */ = {isa = PBXFileReference; fileEncoding = 4; lastKnownFileType = sourcecode.cpp.cpp; name = b2BroadPhase.cpp; path = ../../includes/Common/Box2D/Collision/b2BroadPhase.cpp; sourceTree = "<group>"; };
		48353B421F2FFC86000A28C5 /* b2CollideCircle.cpp */ = {isa = PBXFileReference; fileEncoding = 4; lastKnownFileType = sourcecode.cpp.cpp; name = b2CollideCircle.cpp; path = ../../includes/Common/Box2D/Collision/b2CollideCircle.cpp; sourceTree = "<group>"; };
		48353B431F2FFC86000A28C5 /* b2CollideEdge.cpp */ = {isa = PBXFileReference; fileEncoding = 4; lastKnownFileType = sourcecode.cpp.cpp; name = b2CollideEdge.cpp; path = ../../includes/Common/Box2D/Collision/b2CollideEdge.cpp; sourceTree = "<group>"; };
		48353B441F2FFC86000A28C5 /* b2CollidePolygon.cpp */ = {isa = PBXFileReference; fileEncoding = 4; lastKnownFileType = sourcecode.cpp.cpp; name = b2CollidePolygon.cpp; path = ../../includes/Common/Box2D/Collision/b2CollidePolygon.cpp; sourceTree = "<group>"; };
		48353B451F2FFC86000A28C5 /* b2Collision.cpp */ = {isa = PBXFileReference; fileEncoding = 4; lastKnownFileType = sourcecode.cpp.cpp; name = b2Collision.cpp; path = ../../includes/Common/Box2D/Collision/b2Collision.cpp; sourceTree = "<group>"; };
		48353B461F2FFC86000A28C5 /* b2Distance.cpp */ = {isa = PBXFileReference; fileEncoding = 4; lastKnownFileType = sourcecode.cpp.cpp; name = b2Distance.cpp; path = ../../includes/Common/Box2D/Collision/b2Distance.cpp; sourceTree = "<group>"; };
		48353B471F2FFC86000A28C5 /* b2DynamicTree.cpp */ = {isa = PBXFileReference; fileEncoding = 4; lastKnownFileType = sourcecode.cpp.cpp; name = b2DynamicTree.cpp; path = ../../includes/Common/Box2D/Collision/b2DynamicTree.cpp; sourceTree = "<group>"; };
		48353B481F2FFC86000A28C5 /* b2TimeOfImpact.cpp */ = {isa = PBXFileReference; fileEncoding = 4; lastKnownFileType = sourcecode.cpp.cpp; name = b2TimeOfImpact.cpp; path = ../../includes/Common/Box2D/Collision/b2TimeOfImpact.cpp; sourceTree = "<group>"; };
		48353B581F2FFCAA000A28C5 /* b2ChainShape.h */ = {isa = PBXFileReference; fileEncoding = 4; lastKnownFileType = sourcecode.c.h; name = b2ChainShape.h; path = ../../includes/Common/Box2D/Collision/Shapes/b2ChainShape.h; sourceTree = "<group>"; };
		48353B591F2FFCAA000A28C5 /* b2CircleShape.h */ = {isa = PBXFileReference; fileEncoding = 4; lastKnownFileType = sourcecode.c.h; name = b2CircleShape.h; path = ../../includes/Common/Box2D/Collision/Shapes/b2CircleShape.h; sourceTree = "<group>"; };
		48353B5A1F2FFCAA000A28C5 /* b2EdgeShape.h */ = {isa = PBXFileReference; fileEncoding = 4; lastKnownFileType = sourcecode.c.h; name = b2EdgeShape.h; path = ../../includes/Common/Box2D/Collision/Shapes/b2EdgeShape.h; sourceTree = "<group>"; };
		48353B5B1F2FFCAA000A28C5 /* b2PolygonShape.h */ = {isa = PBXFileReference; fileEncoding = 4; lastKnownFileType = sourcecode.c.h; name = b2PolygonShape.h; path = ../../includes/Common/Box2D/Collision/Shapes/b2PolygonShape.h; sourceTree = "<group>"; };
		48353B5C1F2FFCAA000A28C5 /* b2Shape.h */ = {isa = PBXFileReference; fileEncoding = 4; lastKnownFileType = sourcecode.c.h; name = b2Shape.h; path = ../../includes/Common/Box2D/Collision/Shapes/b2Shape.h; sourceTree = "<group>"; };
		48353B5D1F2FFCAA000A28C5 /* b2ChainShape.cpp */ = {isa = PBXFileReference; fileEncoding = 4; lastKnownFileType = sourcecode.cpp.cpp; name = b2ChainShape.cpp; path = ../../includes/Common/Box2D/Collision/Shapes/b2ChainShape.cpp; sourceTree = "<group>"; };
		48353B5E1F2FFCAA000A28C5 /* b2CircleShape.cpp */ = {isa = PBXFileReference; fileEncoding = 4; lastKnownFileType = sourcecode.cpp.cpp; name = b2CircleShape.cpp; path = ../../includes/Common/Box2D/Collision/Shapes/b2CircleShape.cpp; sourceTree = "<group>"; };
		48353B5F1F2FFCAA000A28C5 /* b2EdgeShape.cpp */ = {isa = PBXFileReference; fileEncoding = 4; lastKnownFileType = sourcecode.cpp.cpp; name = b2EdgeShape.cpp; path = ../../includes/Common/Box2D/Collision/Shapes/b2EdgeShape.cpp; sourceTree = "<group>"; };
		48353B601F2FFCAA000A28C5 /* b2PolygonShape.cpp */ = {isa = PBXFileReference; fileEncoding = 4; lastKnownFileType = sourcecode.cpp.cpp; name = b2PolygonShape.cpp; path = ../../includes/Common/Box2D/Collision/Shapes/b2PolygonShape.cpp; sourceTree = "<group>"; };
		48353B6B1F2FFCC4000A28C5 /* b2BlockAllocator.cpp */ = {isa = PBXFileReference; lastKnownFileType = sourcecode.cpp.cpp; path = b2BlockAllocator.cpp; sourceTree = "<group>"; };
		48353B6C1F2FFCC4000A28C5 /* b2BlockAllocator.h */ = {isa = PBXFileReference; lastKnownFileType = sourcecode.c.h; path = b2BlockAllocator.h; sourceTree = "<group>"; };
		48353B6D1F2FFCC4000A28C5 /* b2Draw.cpp */ = {isa = PBXFileReference; lastKnownFileType = sourcecode.cpp.cpp; path = b2Draw.cpp; sourceTree = "<group>"; };
		48353B6E1F2FFCC4000A28C5 /* b2Draw.h */ = {isa = PBXFileReference; lastKnownFileType = sourcecode.c.h; path = b2Draw.h; sourceTree = "<group>"; };
		48353B6F1F2FFCC4000A28C5 /* b2GrowableStack.h */ = {isa = PBXFileReference; lastKnownFileType = sourcecode.c.h; path = b2GrowableStack.h; sourceTree = "<group>"; };
		48353B701F2FFCC4000A28C5 /* b2Math.cpp */ = {isa = PBXFileReference; lastKnownFileType = sourcecode.cpp.cpp; path = b2Math.cpp; sourceTree = "<group>"; };
		48353B711F2FFCC4000A28C5 /* b2Math.h */ = {isa = PBXFileReference; lastKnownFileType = sourcecode.c.h; path = b2Math.h; sourceTree = "<group>"; };
		48353B721F2FFCC4000A28C5 /* b2Settings.cpp */ = {isa = PBXFileReference; lastKnownFileType = sourcecode.cpp.cpp; path = b2Settings.cpp; sourceTree = "<group>"; };
		48353B731F2FFCC4000A28C5 /* b2Settings.h */ = {isa = PBXFileReference; lastKnownFileType = sourcecode.c.h; path = b2Settings.h; sourceTree = "<group>"; };
		48353B741F2FFCC4000A28C5 /* b2StackAllocator.cpp */ = {isa = PBXFileReference; lastKnownFileType = sourcecode.cpp.cpp; path = b2StackAllocator.cpp; sourceTree = "<group>"; };
		48353B751F2FFCC4000A28C5 /* b2StackAllocator.h */ = {isa = PBXFileReference; lastKnownFileType = sourcecode.c.h; path = b2StackAllocator.h; sourceTree = "<group>"; };
		48353B761F2FFCC4000A28C5 /* b2Timer.cpp */ = {isa = PBXFileReference; lastKnownFileType = sourcecode.cpp.cpp; path = b2Timer.cpp; sourceTree = "<group>"; };
		48353B771F2FFCC4000A28C5 /* b2Timer.h */ = {isa = PBXFileReference; lastKnownFileType = sourcecode.c.h; path = b2Timer.h; sourceTree = "<group>"; };
		48353B791F2FFCD6000A28C5 /* b2Body.cpp */ = {isa = PBXFileReference; lastKnownFileType = sourcecode.cpp.cpp; path = b2Body.cpp; sourceTree = "<group>"; };
		48353B7A1F2FFCD6000A28C5 /* b2Body.h */ = {isa = PBXFileReference; lastKnownFileType = sourcecode.c.h; path = b2Body.h; sourceTree = "<group>"; };
		48353B7B1F2FFCD6000A28C5 /* b2ContactManager.cpp */ = {isa = PBXFileReference; lastKnownFileType = sourcecode.cpp.cpp; path = b2ContactManager.cpp; sourceTree = "<group>"; };
		48353B7C1F2FFCD6000A28C5 /* b2ContactManager.h */ = {isa = PBXFileReference; lastKnownFileType = sourcecode.c.h; path = b2ContactManager.h; sourceTree = "<group>"; };
		48353B7D1F2FFCD6000A28C5 /* b2Fixture.cpp */ = {isa = PBXFileReference; lastKnownFileType = sourcecode.cpp.cpp; path = b2Fixture.cpp; sourceTree = "<group>"; };
		48353B7E1F2FFCD6000A28C5 /* b2Fixture.h */ = {isa = PBXFileReference; lastKnownFileType = sourcecode.c.h; path = b2Fixture.h; sourceTree = "<group>"; };
		48353B7F1F2FFCD6000A28C5 /* b2Island.cpp */ = {isa = PBXFileReference; lastKnownFileType = sourcecode.cpp.cpp; path = b2Island.cpp; sourceTree = "<group>"; };
		48353B801F2FFCD6000A28C5 /* b2Island.h */ = {isa = PBXFileReference; lastKnownFileType = sourcecode.c.h; path = b2Island.h; sourceTree = "<group>"; };
		48353B811F2FFCD6000A28C5 /* b2TimeStep.h */ = {isa = PBXFileReference; lastKnownFileType = sourcecode.c.h; path = b2TimeStep.h; sourceTree = "<group>"; };
		48353B821F2FFCD6000A28C5 /* b2World.cpp */ = {isa = PBXFileReference; lastKnownFileType = sourcecode.cpp.cpp; path = b2World.cpp; sourceTree = "<group>"; };
		48353B831F2FFCD6000A28C5 /* b2World.h */ = {isa = PBXFileReference; lastKnownFileType = sourcecode.c.h; path = b2World.h; sourceTree = "<group>"; };
		48353B841F2FFCD6000A28C5 /* b2WorldCallbacks.cpp */ = {isa = PBXFileReference; lastKnownFileType = sourcecode.cpp.cpp; path = b2WorldCallbacks.cpp; sourceTree = "<group>"; };
		48353B851F2FFCD6000A28C5 /* b2WorldCallbacks.h */ = {isa = PBXFileReference; lastKnownFileType = sourcecode.c.h; path = b2WorldCallbacks.h; sourceTree = "<group>"; };
		48353B871F2FFCD6000A28C5 /* b2ChainAndCircleContact.cpp */ = {isa = PBXFileReference; lastKnownFileType = sourcecode.cpp.cpp; path = b2ChainAndCircleContact.cpp; sourceTree = "<group>"; };
		48353B881F2FFCD6000A28C5 /* b2ChainAndCircleContact.h */ = {isa = PBXFileReference; lastKnownFileType = sourcecode.c.h; path = b2ChainAndCircleContact.h; sourceTree = "<group>"; };
		48353B891F2FFCD6000A28C5 /* b2ChainAndPolygonContact.cpp */ = {isa = PBXFileReference; lastKnownFileType = sourcecode.cpp.cpp; path = b2ChainAndPolygonContact.cpp; sourceTree = "<group>"; };
		48353B8A1F2FFCD6000A28C5 /* b2ChainAndPolygonContact.h */ = {isa = PBXFileReference; lastKnownFileType = sourcecode.c.h; path = b2ChainAndPolygonContact.h; sourceTree = "<group>"; };
		48353B8B1F2FFCD6000A28C5 /* b2CircleContact.cpp */ = {isa = PBXFileReference; lastKnownFileType = sourcecode.cpp.cpp; path = b2CircleContact.cpp; sourceTree = "<group>"; };
		48353B8C1F2FFCD6000A28C5 /* b2CircleContact.h */ = {isa = PBXFileReference; lastKnownFileType = sourcecode.c.h; path = b2CircleContact.h; sourceTree = "<group>"; };
		48353B8D1F2FFCD6000A28C5 /* b2Contact.cpp */ = {isa = PBXFileReference; lastKnownFileType = sourcecode.cpp.cpp; path = b2Contact.cpp; sourceTree = "<group>"; };
		48353B8E1F2FFCD6000A28C5 /* b2Contact.h */ = {isa = PBXFileReference; lastKnownFileType = sourcecode.c.h; path = b2Contact.h; sourceTree = "<group>"; };
		48353B8F1F2FFCD6000A28C5 /* b2ContactSolver.cpp */ = {isa = PBXFileReference; lastKnownFileType = sourcecode.cpp.cpp; path = b2ContactSolver.cpp; sourceTree = "<group>"; };
		48353B901F2FFCD6000A28C5 /* b2ContactSolver.h */ = {isa = PBXFileReference; lastKnownFileType = sourcecode.c.h; path = b2ContactSolver.h; sourceTree = "<group>"; };
		48353B911F2FFCD6000A28C5 /* b2EdgeAndCircleContact.cpp */ = {isa = PBXFileReference; lastKnownFileType = sourcecode.cpp.cpp; path = b2EdgeAndCircleContact.cpp; sourceTree = "<group>"; };
		48353B921F2FFCD6000A28C5 /* b2EdgeAndCircleContact.h */ = {isa = PBXFileReference; lastKnownFileType = sourcecode.c.h; path = b2EdgeAndCircleContact.h; sourceTree = "<group>"; };
		48353B931F2FFCD6000A28C5 /* b2EdgeAndPolygonContact.cpp */ = {isa = PBXFileReference; lastKnownFileType = sourcecode.cpp.cpp; path = b2EdgeAndPolygonContact.cpp; sourceTree = "<group>"; };
		48353B941F2FFCD6000A28C5 /* b2EdgeAndPolygonContact.h */ = {isa = PBXFileReference; lastKnownFileType = sourcecode.c.h; path = b2EdgeAndPolygonContact.h; sourceTree = "<group>"; };
		48353B951F2FFCD6000A28C5 /* b2PolygonAndCircleContact.cpp */ = {isa = PBXFileReference; lastKnownFileType = sourcecode.cpp.cpp; path = b2PolygonAndCircleContact.cpp; sourceTree = "<group>"; };
		48353B961F2FFCD6000A28C5 /* b2PolygonAndCircleContact.h */ = {isa = PBXFileReference; lastKnownFileType = sourcecode.c.h; path = b2PolygonAndCircleContact.h; sourceTree = "<group>"; };
		48353B971F2FFCD6000A28C5 /* b2PolygonContact.cpp */ = {isa = PBXFileReference; lastKnownFileType = sourcecode.cpp.cpp; path = b2PolygonContact.cpp; sourceTree = "<group>"; };
		48353B981F2FFCD6000A28C5 /* b2PolygonContact.h */ = {isa = PBXFileReference; lastKnownFileType = sourcecode.c.h; path = b2PolygonContact.h; sourceTree = "<group>"; };
		48353B9A1F2FFCD6000A28C5 /* b2DistanceJoint.cpp */ = {isa = PBXFileReference; lastKnownFileType = sourcecode.cpp.cpp; path = b2DistanceJoint.cpp; sourceTree = "<group>"; };
		48353B9B1F2FFCD6000A28C5 /* b2DistanceJoint.h */ = {isa = PBXFileReference; lastKnownFileType = sourcecode.c.h; path = b2DistanceJoint.h; sourceTree = "<group>"; };
		48353B9C1F2FFCD6000A28C5 /* b2FrictionJoint.cpp */ = {isa = PBXFileReference; lastKnownFileType = sourcecode.cpp.cpp; path = b2FrictionJoint.cpp; sourceTree = "<group>"; };
		48353B9D1F2FFCD6000A28C5 /* b2FrictionJoint.h */ = {isa = PBXFileReference; lastKnownFileType = sourcecode.c.h; path = b2FrictionJoint.h; sourceTree = "<group>"; };
		48353B9E1F2FFCD6000A28C5 /* b2GearJoint.cpp */ = {isa = PBXFileReference; lastKnownFileType = sourcecode.cpp.cpp; path = b2GearJoint.cpp; sourceTree = "<group>"; };
		48353B9F1F2FFCD6000A28C5 /* b2GearJoint.h */ = {isa = PBXFileReference; lastKnownFileType = sourcecode.c.h; path = b2GearJoint.h; sourceTree = "<group>"; };
		48353BA01F2FFCD6000A28C5 /* b2Joint.cpp */ = {isa = PBXFileReference; lastKnownFileType = sourcecode.cpp.cpp; path = b2Joint.cpp; sourceTree = "<group>"; };
		48353BA11F2FFCD6000A28C5 /* b2Joint.h */ = {isa = PBXFileReference; lastKnownFileType = sourcecode.c.h; path = b2Joint.h; sourceTree = "<group>"; };
		48353BA21F2FFCD6000A28C5 /* b2MotorJoint.cpp */ = {isa = PBXFileReference; lastKnownFileType = sourcecode.cpp.cpp; path = b2MotorJoint.cpp; sourceTree = "<group>"; };
		48353BA31F2FFCD6000A28C5 /* b2MotorJoint.h */ = {isa = PBXFileReference; lastKnownFileType = sourcecode.c.h; path = b2MotorJoint.h; sourceTree = "<group>"; };
		48353BA41F2FFCD6000A28C5 /* b2MouseJoint.cpp */ = {isa = PBXFileReference; lastKnownFileType = sourcecode.cpp.cpp; path = b2MouseJoint.cpp; sourceTree = "<group>"; };
		48353BA51F2FFCD6000A28C5 /* b2MouseJoint.h */ = {isa = PBXFileReference; lastKnownFileType = sourcecode.c.h; path = b2MouseJoint.h; sourceTree = "<group>"; };
		48353BA61F2FFCD6000A28C5 /* b2PrismaticJoint.cpp */ = {isa = PBXFileReference; lastKnownFileType = sourcecode.cpp.cpp; path = b2PrismaticJoint.cpp; sourceTree = "<group>"; };
		48353BA71F2FFCD6000A28C5 /* b2PrismaticJoint.h */ = {isa = PBXFileReference; lastKnownFileType = sourcecode.c.h; path = b2PrismaticJoint.h; sourceTree = "<group>"; };
		48353BA81F2FFCD6000A28C5 /* b2PulleyJoint.cpp */ = {isa = PBXFileReference; lastKnownFileType = sourcecode.cpp.cpp; path = b2PulleyJoint.cpp; sourceTree = "<group>"; };
		48353BA91F2FFCD6000A28C5 /* b2PulleyJoint.h */ = {isa = PBXFileReference; lastKnownFileType = sourcecode.c.h; path = b2PulleyJoint.h; sourceTree = "<group>"; };
		48353BAA1F2FFCD6000A28C5 /* b2RevoluteJoint.cpp */ = {isa = PBXFileReference; lastKnownFileType = sourcecode.cpp.cpp; path = b2RevoluteJoint.cpp; sourceTree = "<group>"; };
		48353BAB1F2FFCD6000A28C5 /* b2RevoluteJoint.h */ = {isa = PBXFileReference; lastKnownFileType = sourcecode.c.h; path = b2RevoluteJoint.h; sourceTree = "<group>"; };
		48353BAC1F2FFCD6000A28C5 /* b2RopeJoint.cpp */ = {isa = PBXFileReference; lastKnownFileType = sourcecode.cpp.cpp; path = b2RopeJoint.cpp; sourceTree = "<group>"; };
		48353BAD1F2FFCD6000A28C5 /* b2RopeJoint.h */ = {isa = PBXFileReference; lastKnownFileType = sourcecode.c.h; path = b2RopeJoint.h; sourceTree = "<group>"; };
		48353BAE1F2FFCD6000A28C5 /* b2WeldJoint.cpp */ = {isa = PBXFileReference; lastKnownFileType = sourcecode.cpp.cpp; path = b2WeldJoint.cpp; sourceTree = "<group>"; };
		48353BAF1F2FFCD6000A28C5 /* b2WeldJoint.h */ = {isa = PBXFileReference; lastKnownFileType = sourcecode.c.h; path = b2WeldJoint.h; sourceTree = "<group>"; };
		48353BB01F2FFCD6000A28C5 /* b2WheelJoint.cpp */ = {isa = PBXFileReference; lastKnownFileType = sourcecode.cpp.cpp; path = b2WheelJoint.cpp; sourceTree = "<group>"; };
		48353BB11F2FFCD6000A28C5 /* b2WheelJoint.h */ = {isa = PBXFileReference; lastKnownFileType = sourcecode.c.h; path = b2WheelJoint.h; sourceTree = "<group>"; };
		48353BB31F2FFCE6000A28C5 /* b2Rope.cpp */ = {isa = PBXFileReference; lastKnownFileType = sourcecode.cpp.cpp; path = b2Rope.cpp; sourceTree = "<group>"; };
		48353BB41F2FFCE6000A28C5 /* b2Rope.h */ = {isa = PBXFileReference; lastKnownFileType = sourcecode.c.h; path = b2Rope.h; sourceTree = "<group>"; };
		48353BB61F3003A9000A28C5 /* SceneGraph.h */ = {isa = PBXFileReference; fileEncoding = 4; lastKnownFileType = sourcecode.c.h; name = SceneGraph.h; path = ../../source/EntityComponentSystem/Physics2D/SceneGraph.h; sourceTree = "<group>"; };
		48353BB71F3003A9000A28C5 /* SceneGraph.cpp */ = {isa = PBXFileReference; fileEncoding = 4; lastKnownFileType = sourcecode.cpp.cpp; name = SceneGraph.cpp; path = ../../source/EntityComponentSystem/Physics2D/SceneGraph.cpp; sourceTree = "<group>"; };
		48353BBE1F3007CA000A28C5 /* ComponentInterface.h */ = {isa = PBXFileReference; fileEncoding = 4; lastKnownFileType = sourcecode.c.h; name = ComponentInterface.h; path = ../../source/EntityComponentSystem/Physics2D/ComponentInterface.h; sourceTree = "<group>"; };
		48353BC01F300A7E000A28C5 /* CollisionInfo.h */ = {isa = PBXFileReference; fileEncoding = 4; lastKnownFileType = sourcecode.c.h; name = CollisionInfo.h; path = ../../source/EntityComponentSystem/Physics2D/CollisionInfo.h; sourceTree = "<group>"; };
		48353BC11F300A7E000A28C5 /* CollisionInfo.cpp */ = {isa = PBXFileReference; fileEncoding = 4; lastKnownFileType = sourcecode.cpp.cpp; name = CollisionInfo.cpp; path = ../../source/EntityComponentSystem/Physics2D/CollisionInfo.cpp; sourceTree = "<group>"; };
		48353BC41F301575000A28C5 /* Rigidbody.h */ = {isa = PBXFileReference; fileEncoding = 4; lastKnownFileType = sourcecode.c.h; name = Rigidbody.h; path = ../../source/EntityComponentSystem/Physics2D/Rigidbody.h; sourceTree = "<group>"; };
		48353BC51F301575000A28C5 /* Rigidbody.cpp */ = {isa = PBXFileReference; fileEncoding = 4; lastKnownFileType = sourcecode.cpp.cpp; name = Rigidbody.cpp; path = ../../source/EntityComponentSystem/Physics2D/Rigidbody.cpp; sourceTree = "<group>"; };
		4839F62E1F18392A0081237A /* Exception.cpp */ = {isa = PBXFileReference; fileEncoding = 4; lastKnownFileType = sourcecode.cpp.cpp; name = Exception.cpp; path = ../../source/Debug/Exception.cpp; sourceTree = "<group>"; };
		4839F62F1F18392A0081237A /* Exception.h */ = {isa = PBXFileReference; fileEncoding = 4; lastKnownFileType = sourcecode.c.h; name = Exception.h; path = ../../source/Debug/Exception.h; sourceTree = "<group>"; };
		483A70881F328EE900A074C5 /* SimpleCollider.h */ = {isa = PBXFileReference; fileEncoding = 4; lastKnownFileType = sourcecode.c.h; name = SimpleCollider.h; path = ../../source/EntityComponentSystem/Physics2D/SimpleCollider.h; sourceTree = "<group>"; };
		483A708C1F329C0A00A074C5 /* BoxCollider.h */ = {isa = PBXFileReference; fileEncoding = 4; lastKnownFileType = sourcecode.c.h; name = BoxCollider.h; path = ../../source/EntityComponentSystem/Physics2D/BoxCollider.h; sourceTree = "<group>"; };
		483A708D1F329C0A00A074C5 /* BoxCollider.cpp */ = {isa = PBXFileReference; fileEncoding = 4; lastKnownFileType = sourcecode.cpp.cpp; name = BoxCollider.cpp; path = ../../source/EntityComponentSystem/Physics2D/BoxCollider.cpp; sourceTree = "<group>"; };
		483C31851F098C53002A7870 /* ShaderProgram.cpp */ = {isa = PBXFileReference; fileEncoding = 4; lastKnownFileType = sourcecode.cpp.cpp; name = ShaderProgram.cpp; path = ../../source/Graphics/ShaderProgram.cpp; sourceTree = "<group>"; };
		483C31861F098C53002A7870 /* ShaderProgram.h */ = {isa = PBXFileReference; fileEncoding = 4; lastKnownFileType = sourcecode.c.h; name = ShaderProgram.h; path = ../../source/Graphics/ShaderProgram.h; sourceTree = "<group>"; };
		483C31AA1F09A2B2002A7870 /* DataTypes.h */ = {isa = PBXFileReference; fileEncoding = 4; lastKnownFileType = sourcecode.c.h; name = DataTypes.h; path = ../../source/Graphics/DataTypes.h; sourceTree = "<group>"; };
		483C31B21F0A0040002A7870 /* DefaultResources.cpp */ = {isa = PBXFileReference; fileEncoding = 4; lastKnownFileType = sourcecode.cpp.cpp; name = DefaultResources.cpp; path = ../../source/Graphics/DefaultResources.cpp; sourceTree = "<group>"; };
		483C31B31F0A0040002A7870 /* DefaultResources.h */ = {isa = PBXFileReference; fileEncoding = 4; lastKnownFileType = sourcecode.c.h; name = DefaultResources.h; path = ../../source/Graphics/DefaultResources.h; sourceTree = "<group>"; };
		483C31B61F0A00F1002A7870 /* Texture.cpp */ = {isa = PBXFileReference; fileEncoding = 4; lastKnownFileType = sourcecode.cpp.cpp; name = Texture.cpp; path = ../../source/Graphics/Texture.cpp; sourceTree = "<group>"; };
		483C31B71F0A00F1002A7870 /* Texture.h */ = {isa = PBXFileReference; fileEncoding = 4; lastKnownFileType = sourcecode.c.h; name = Texture.h; path = ../../source/Graphics/Texture.h; sourceTree = "<group>"; };
		483C31BA1F0A0ED5002A7870 /* Model.cpp */ = {isa = PBXFileReference; fileEncoding = 4; lastKnownFileType = sourcecode.cpp.cpp; name = Model.cpp; path = ../../source/Graphics/Model.cpp; sourceTree = "<group>"; };
		483C31BB1F0A0ED5002A7870 /* Model.h */ = {isa = PBXFileReference; fileEncoding = 4; lastKnownFileType = sourcecode.c.h; name = Model.h; path = ../../source/Graphics/Model.h; sourceTree = "<group>"; };
		483C31BE1F0A1202002A7870 /* Mesh.cpp */ = {isa = PBXFileReference; fileEncoding = 4; lastKnownFileType = sourcecode.cpp.cpp; name = Mesh.cpp; path = ../../source/Graphics/Mesh.cpp; sourceTree = "<group>"; };
		483C31BF1F0A1202002A7870 /* Mesh.h */ = {isa = PBXFileReference; fileEncoding = 4; lastKnownFileType = sourcecode.c.h; name = Mesh.h; path = ../../source/Graphics/Mesh.h; sourceTree = "<group>"; };
		483C31C21F0A1D6E002A7870 /* VertexAttribute.cpp */ = {isa = PBXFileReference; fileEncoding = 4; lastKnownFileType = sourcecode.cpp.cpp; name = VertexAttribute.cpp; path = ../../source/Graphics/VertexAttribute.cpp; sourceTree = "<group>"; };
		483C31C31F0A1D6E002A7870 /* VertexAttribute.h */ = {isa = PBXFileReference; fileEncoding = 4; lastKnownFileType = sourcecode.c.h; name = VertexAttribute.h; path = ../../source/Graphics/VertexAttribute.h; sourceTree = "<group>"; };
		483C31C41F0A1D6E002A7870 /* VertexFormat.cpp */ = {isa = PBXFileReference; fileEncoding = 4; lastKnownFileType = sourcecode.cpp.cpp; name = VertexFormat.cpp; path = ../../source/Graphics/VertexFormat.cpp; sourceTree = "<group>"; };
		483C31C51F0A1D6E002A7870 /* VertexFormat.h */ = {isa = PBXFileReference; fileEncoding = 4; lastKnownFileType = sourcecode.c.h; name = VertexFormat.h; path = ../../source/Graphics/VertexFormat.h; sourceTree = "<group>"; };
		4844013F1F2AD297003FD501 /* resource_manager.h */ = {isa = PBXFileReference; fileEncoding = 4; lastKnownFileType = sourcecode.c.h; name = resource_manager.h; path = ../../source/Memory/resource_manager.h; sourceTree = "<group>"; };
		48459FE91F1AF922000C957F /* TextureManager.cpp */ = {isa = PBXFileReference; fileEncoding = 4; lastKnownFileType = sourcecode.cpp.cpp; name = TextureManager.cpp; path = ../../source/Graphics/TextureManager.cpp; sourceTree = "<group>"; };
		48459FEA1F1AF922000C957F /* TextureManager.h */ = {isa = PBXFileReference; fileEncoding = 4; lastKnownFileType = sourcecode.c.h; name = TextureManager.h; path = ../../source/Graphics/TextureManager.h; sourceTree = "<group>"; };
		48459FED1F1B17E7000C957F /* ShaderProgramManager.cpp */ = {isa = PBXFileReference; fileEncoding = 4; lastKnownFileType = sourcecode.cpp.cpp; name = ShaderProgramManager.cpp; path = ../../source/Graphics/ShaderProgramManager.cpp; sourceTree = "<group>"; };
		48459FEE1F1B17E7000C957F /* ShaderProgramManager.h */ = {isa = PBXFileReference; fileEncoding = 4; lastKnownFileType = sourcecode.c.h; name = ShaderProgramManager.h; path = ../../source/Graphics/ShaderProgramManager.h; sourceTree = "<group>"; };
		48459FF11F1B180F000C957F /* MeshManager.cpp */ = {isa = PBXFileReference; fileEncoding = 4; lastKnownFileType = sourcecode.cpp.cpp; name = MeshManager.cpp; path = ../../source/Graphics/MeshManager.cpp; sourceTree = "<group>"; };
		48459FF21F1B180F000C957F /* MeshManager.h */ = {isa = PBXFileReference; fileEncoding = 4; lastKnownFileType = sourcecode.c.h; name = MeshManager.h; path = ../../source/Graphics/MeshManager.h; sourceTree = "<group>"; };
		484B41221F12C4A100CE92B4 /* TextureUniformCollection.cpp */ = {isa = PBXFileReference; fileEncoding = 4; lastKnownFileType = sourcecode.cpp.cpp; name = TextureUniformCollection.cpp; path = ../../source/Graphics/TextureUniformCollection.cpp; sourceTree = "<group>"; };
		484B41231F12C4A100CE92B4 /* TextureUniformCollection.h */ = {isa = PBXFileReference; fileEncoding = 4; lastKnownFileType = sourcecode.c.h; name = TextureUniformCollection.h; path = ../../source/Graphics/TextureUniformCollection.h; sourceTree = "<group>"; };
		484B41261F12DD0E00CE92B4 /* FloatUniformCollection.cpp */ = {isa = PBXFileReference; fileEncoding = 4; lastKnownFileType = sourcecode.cpp.cpp; name = FloatUniformCollection.cpp; path = ../../source/Graphics/FloatUniformCollection.cpp; sourceTree = "<group>"; };
		484B41271F12DD0E00CE92B4 /* FloatUniformCollection.h */ = {isa = PBXFileReference; fileEncoding = 4; lastKnownFileType = sourcecode.c.h; name = FloatUniformCollection.h; path = ../../source/Graphics/FloatUniformCollection.h; sourceTree = "<group>"; };
		484B41281F12DD0E00CE92B4 /* Vector2UniformCollection.cpp */ = {isa = PBXFileReference; fileEncoding = 4; lastKnownFileType = sourcecode.cpp.cpp; name = Vector2UniformCollection.cpp; path = ../../source/Graphics/Vector2UniformCollection.cpp; sourceTree = "<group>"; };
		484B41291F12DD0E00CE92B4 /* Vector2UniformCollection.h */ = {isa = PBXFileReference; fileEncoding = 4; lastKnownFileType = sourcecode.c.h; name = Vector2UniformCollection.h; path = ../../source/Graphics/Vector2UniformCollection.h; sourceTree = "<group>"; };
		484B412A1F12DD0E00CE92B4 /* Vector3UniformCollection.cpp */ = {isa = PBXFileReference; fileEncoding = 4; lastKnownFileType = sourcecode.cpp.cpp; name = Vector3UniformCollection.cpp; path = ../../source/Graphics/Vector3UniformCollection.cpp; sourceTree = "<group>"; };
		484B412B1F12DD0E00CE92B4 /* Vector3UniformCollection.h */ = {isa = PBXFileReference; fileEncoding = 4; lastKnownFileType = sourcecode.c.h; name = Vector3UniformCollection.h; path = ../../source/Graphics/Vector3UniformCollection.h; sourceTree = "<group>"; };
		484B412C1F12DD0E00CE92B4 /* Vector4UniformCollection.cpp */ = {isa = PBXFileReference; fileEncoding = 4; lastKnownFileType = sourcecode.cpp.cpp; name = Vector4UniformCollection.cpp; path = ../../source/Graphics/Vector4UniformCollection.cpp; sourceTree = "<group>"; };
		484B412D1F12DD0E00CE92B4 /* Vector4UniformCollection.h */ = {isa = PBXFileReference; fileEncoding = 4; lastKnownFileType = sourcecode.c.h; name = Vector4UniformCollection.h; path = ../../source/Graphics/Vector4UniformCollection.h; sourceTree = "<group>"; };
		485908BC1F11D42F00F7A86F /* Camera.cpp */ = {isa = PBXFileReference; fileEncoding = 4; lastKnownFileType = sourcecode.cpp.cpp; name = Camera.cpp; path = ../../source/Graphics/Camera.cpp; sourceTree = "<group>"; };
		485908BD1F11D42F00F7A86F /* Camera.h */ = {isa = PBXFileReference; fileEncoding = 4; lastKnownFileType = sourcecode.c.h; name = Camera.h; path = ../../source/Graphics/Camera.h; sourceTree = "<group>"; };
		4873E9271F1D837E000BA834 /* Time.h */ = {isa = PBXFileReference; fileEncoding = 4; lastKnownFileType = sourcecode.c.h; name = Time.h; path = ../../source/Time/Time.h; sourceTree = "<group>"; };
		4873E9281F1D837E000BA834 /* Time.cpp */ = {isa = PBXFileReference; fileEncoding = 4; lastKnownFileType = sourcecode.cpp.cpp; name = Time.cpp; path = ../../source/Time/Time.cpp; sourceTree = "<group>"; };
		488285F31F2D747200D9945B /* GraphicsComponent.h */ = {isa = PBXFileReference; fileEncoding = 4; lastKnownFileType = sourcecode.c.h; name = GraphicsComponent.h; path = ../../source/EntityComponentSystem/Graphics/GraphicsComponent.h; sourceTree = "<group>"; };
		488285F41F2D747200D9945B /* GraphicsScene.h */ = {isa = PBXFileReference; fileEncoding = 4; lastKnownFileType = sourcecode.c.h; name = GraphicsScene.h; path = ../../source/EntityComponentSystem/Graphics/GraphicsScene.h; sourceTree = "<group>"; };
		488285F51F2D747200D9945B /* GraphicsComponent.cpp */ = {isa = PBXFileReference; fileEncoding = 4; lastKnownFileType = sourcecode.cpp.cpp; name = GraphicsComponent.cpp; path = ../../source/EntityComponentSystem/Graphics/GraphicsComponent.cpp; sourceTree = "<group>"; };
		488285F61F2D747200D9945B /* GraphicsScene.cpp */ = {isa = PBXFileReference; fileEncoding = 4; lastKnownFileType = sourcecode.cpp.cpp; name = GraphicsScene.cpp; path = ../../source/EntityComponentSystem/Graphics/GraphicsScene.cpp; sourceTree = "<group>"; };
		488285FC1F2D7A1E00D9945B /* Camera.h */ = {isa = PBXFileReference; fileEncoding = 4; lastKnownFileType = sourcecode.c.h; name = Camera.h; path = ../../source/EntityComponentSystem/Graphics/Camera.h; sourceTree = "<group>"; };
		488285FD1F2D7A1E00D9945B /* Mesh.h */ = {isa = PBXFileReference; fileEncoding = 4; lastKnownFileType = sourcecode.c.h; name = Mesh.h; path = ../../source/EntityComponentSystem/Graphics/Mesh.h; sourceTree = "<group>"; };
		488285FE1F2D7A1E00D9945B /* Camera.cpp */ = {isa = PBXFileReference; fileEncoding = 4; lastKnownFileType = sourcecode.cpp.cpp; name = Camera.cpp; path = ../../source/EntityComponentSystem/Graphics/Camera.cpp; sourceTree = "<group>"; };
		488285FF1F2D7A1E00D9945B /* Mesh.cpp */ = {isa = PBXFileReference; fileEncoding = 4; lastKnownFileType = sourcecode.cpp.cpp; name = Mesh.cpp; path = ../../source/EntityComponentSystem/Graphics/Mesh.cpp; sourceTree = "<group>"; };
		488286051F2DC09D00D9945B /* SceneManager.cpp */ = {isa = PBXFileReference; fileEncoding = 4; lastKnownFileType = sourcecode.cpp.cpp; name = SceneManager.cpp; path = ../../source/EntityComponentSystem/SceneManager.cpp; sourceTree = "<group>"; };
		488286081F2DC0AD00D9945B /* SceneManager.h */ = {isa = PBXFileReference; fileEncoding = 4; lastKnownFileType = sourcecode.c.h; name = SceneManager.h; path = ../../source/EntityComponentSystem/SceneManager.h; sourceTree = "<group>"; };
		48839BAB1F08C4CB00D5CEE0 /* GL.cpp */ = {isa = PBXFileReference; fileEncoding = 4; lastKnownFileType = sourcecode.cpp.cpp; name = GL.cpp; path = ../../source/Graphics/GL.cpp; sourceTree = "<group>"; };
		48839BAC1F08C4CB00D5CEE0 /* GL.h */ = {isa = PBXFileReference; fileEncoding = 4; lastKnownFileType = sourcecode.c.h; name = GL.h; path = ../../source/Graphics/GL.h; sourceTree = "<group>"; };
		489644281F23C4960016909E /* Trigonometry.cpp */ = {isa = PBXFileReference; fileEncoding = 4; lastKnownFileType = sourcecode.cpp.cpp; name = Trigonometry.cpp; path = ../../source/Math/Trigonometry.cpp; sourceTree = "<group>"; };
		489644291F23C4960016909E /* Trigonometry.h */ = {isa = PBXFileReference; fileEncoding = 4; lastKnownFileType = sourcecode.c.h; name = Trigonometry.h; path = ../../source/Math/Trigonometry.h; sourceTree = "<group>"; };
		4896442C1F23ED350016909E /* Mat4x4UniformCollection.cpp */ = {isa = PBXFileReference; fileEncoding = 4; lastKnownFileType = sourcecode.cpp.cpp; name = Mat4x4UniformCollection.cpp; path = ../../source/Graphics/Mat4x4UniformCollection.cpp; sourceTree = "<group>"; };
		4896442D1F23ED350016909E /* Mat4x4UniformCollection.h */ = {isa = PBXFileReference; fileEncoding = 4; lastKnownFileType = sourcecode.c.h; name = Mat4x4UniformCollection.h; path = ../../source/Graphics/Mat4x4UniformCollection.h; sourceTree = "<group>"; };
		48974D241F2D0090008BAAE0 /* auth_map.h */ = {isa = PBXFileReference; fileEncoding = 4; lastKnownFileType = sourcecode.c.h; name = auth_map.h; path = ../../source/Memory/auth_map.h; sourceTree = "<group>"; };
		48974D251F2D0090008BAAE0 /* auth_vector.h */ = {isa = PBXFileReference; fileEncoding = 4; lastKnownFileType = sourcecode.c.h; name = auth_vector.h; path = ../../source/Memory/auth_vector.h; sourceTree = "<group>"; };
		4898C0D01F245951007F3B88 /* Mouse.h */ = {isa = PBXFileReference; fileEncoding = 4; lastKnownFileType = sourcecode.c.h; name = Mouse.h; path = ../../source/Input/Mouse.h; sourceTree = "<group>"; };
		4898C0D11F245951007F3B88 /* Mouse.cpp */ = {isa = PBXFileReference; fileEncoding = 4; lastKnownFileType = sourcecode.cpp.cpp; name = Mouse.cpp; path = ../../source/Input/Mouse.cpp; sourceTree = "<group>"; };
		4898C0D41F2468B9007F3B88 /* default_ptr.h */ = {isa = PBXFileReference; fileEncoding = 4; lastKnownFileType = sourcecode.c.h; name = default_ptr.h; path = ../../source/Memory/default_ptr.h; sourceTree = "<group>"; };
		4898C0D51F2468B9007F3B88 /* dynamic_pool.h */ = {isa = PBXFileReference; fileEncoding = 4; lastKnownFileType = sourcecode.c.h; name = dynamic_pool.h; path = ../../source/Memory/dynamic_pool.h; sourceTree = "<group>"; };
		4898C0D61F2468B9007F3B88 /* static_pool.h */ = {isa = PBXFileReference; fileEncoding = 4; lastKnownFileType = sourcecode.c.h; name = static_pool.h; path = ../../source/Memory/static_pool.h; sourceTree = "<group>"; };
		4898E4541F03261700825E3E /* Vector4.cpp */ = {isa = PBXFileReference; fileEncoding = 4; lastKnownFileType = sourcecode.cpp.cpp; name = Vector4.cpp; path = ../../source/Math/Vector4.cpp; sourceTree = "<group>"; };
		4898E4551F03261700825E3E /* Vector4.h */ = {isa = PBXFileReference; fileEncoding = 4; lastKnownFileType = sourcecode.c.h; name = Vector4.h; path = ../../source/Math/Vector4.h; sourceTree = "<group>"; };
		4898E4581F03262200825E3E /* Mat4x4.cpp */ = {isa = PBXFileReference; fileEncoding = 4; lastKnownFileType = sourcecode.cpp.cpp; name = Mat4x4.cpp; path = ../../source/Math/Mat4x4.cpp; sourceTree = "<group>"; };
		4898E4591F03262200825E3E /* Mat4x4.h */ = {isa = PBXFileReference; fileEncoding = 4; lastKnownFileType = sourcecode.c.h; name = Mat4x4.h; path = ../../source/Math/Mat4x4.h; sourceTree = "<group>"; };
		4898E45C1F0330B600825E3E /* IntVector2.cpp */ = {isa = PBXFileReference; fileEncoding = 4; lastKnownFileType = sourcecode.cpp.cpp; name = IntVector2.cpp; path = ../../source/Math/IntVector2.cpp; sourceTree = "<group>"; };
		4898E45D1F0330B600825E3E /* IntVector2.h */ = {isa = PBXFileReference; fileEncoding = 4; lastKnownFileType = sourcecode.c.h; name = IntVector2.h; path = ../../source/Math/IntVector2.h; sourceTree = "<group>"; };
		4898E4601F03378D00825E3E /* Plane.cpp */ = {isa = PBXFileReference; fileEncoding = 4; lastKnownFileType = sourcecode.cpp.cpp; name = Plane.cpp; path = ../../source/Math/Plane.cpp; sourceTree = "<group>"; };
		4898E4611F03378D00825E3E /* Plane.h */ = {isa = PBXFileReference; fileEncoding = 4; lastKnownFileType = sourcecode.c.h; name = Plane.h; path = ../../source/Math/Plane.h; sourceTree = "<group>"; };
		4899AF5E1F009239009B4E73 /* Color.h */ = {isa = PBXFileReference; fileEncoding = 4; lastKnownFileType = sourcecode.c.h; name = Color.h; path = ../../source/Graphics/Color.h; sourceTree = "<group>"; };
		4899AF5F1F009239009B4E73 /* Color.cpp */ = {isa = PBXFileReference; fileEncoding = 4; lastKnownFileType = sourcecode.cpp.cpp; name = Color.cpp; path = ../../source/Graphics/Color.cpp; sourceTree = "<group>"; };
		48B2494B1EFF6DA800A70F35 /* libGDK.a */ = {isa = PBXFileReference; explicitFileType = archive.ar; includeInIndex = 0; path = libGDK.a; sourceTree = BUILT_PRODUCTS_DIR; };
		48C6539C1F05D1090001EDD6 /* Logger.cpp */ = {isa = PBXFileReference; fileEncoding = 4; lastKnownFileType = sourcecode.cpp.cpp; name = Logger.cpp; path = ../../source/Debug/Logger.cpp; sourceTree = "<group>"; };
		48C6539D1F05D1090001EDD6 /* Logger.h */ = {isa = PBXFileReference; fileEncoding = 4; lastKnownFileType = sourcecode.c.h; name = Logger.h; path = ../../source/Debug/Logger.h; sourceTree = "<group>"; };
		48E1E4CF1F12023400D01A6E /* stb_implementation.c */ = {isa = PBXFileReference; fileEncoding = 4; lastKnownFileType = sourcecode.c.c; name = stb_implementation.c; path = ../../includes/Common/stb/stb_implementation.c; sourceTree = "<group>"; };
		48E5F75C1F243E0C00ABDD0F /* Keyboard.h */ = {isa = PBXFileReference; fileEncoding = 4; lastKnownFileType = sourcecode.c.h; name = Keyboard.h; path = ../../source/Input/Keyboard.h; sourceTree = "<group>"; };
		48E5F75D1F243E0C00ABDD0F /* Keyboard.cpp */ = {isa = PBXFileReference; fileEncoding = 4; lastKnownFileType = sourcecode.cpp.cpp; name = Keyboard.cpp; path = ../../source/Input/Keyboard.cpp; sourceTree = "<group>"; };
		48EC8AE51F2EC6A6005DD8F3 /* AudioScene.h */ = {isa = PBXFileReference; fileEncoding = 4; lastKnownFileType = sourcecode.c.h; name = AudioScene.h; path = ../../source/EntityComponentSystem/Audio/AudioScene.h; sourceTree = "<group>"; };
		48EC8AE81F2EC6BF005DD8F3 /* Listener.h */ = {isa = PBXFileReference; fileEncoding = 4; lastKnownFileType = sourcecode.c.h; name = Listener.h; path = ../../source/EntityComponentSystem/Audio/Listener.h; sourceTree = "<group>"; };
		48EC8AE91F2EC6BF005DD8F3 /* AudioScene.cpp */ = {isa = PBXFileReference; fileEncoding = 4; lastKnownFileType = sourcecode.cpp.cpp; name = AudioScene.cpp; path = ../../source/EntityComponentSystem/Audio/AudioScene.cpp; sourceTree = "<group>"; };
		48EC8AEA1F2EC6BF005DD8F3 /* Listener.cpp */ = {isa = PBXFileReference; fileEncoding = 4; lastKnownFileType = sourcecode.cpp.cpp; name = Listener.cpp; path = ../../source/EntityComponentSystem/Audio/Listener.cpp; sourceTree = "<group>"; };
		48EC8AEE1F2ECB22005DD8F3 /* Source.h */ = {isa = PBXFileReference; fileEncoding = 4; lastKnownFileType = sourcecode.c.h; name = Source.h; path = ../../source/EntityComponentSystem/Audio/Source.h; sourceTree = "<group>"; };
		48EC8AEF1F2ECB22005DD8F3 /* Source.cpp */ = {isa = PBXFileReference; fileEncoding = 4; lastKnownFileType = sourcecode.cpp.cpp; name = Source.cpp; path = ../../source/EntityComponentSystem/Audio/Source.cpp; sourceTree = "<group>"; };
		48FFC4C61F01DB88003932BA /* Window.cpp */ = {isa = PBXFileReference; fileEncoding = 4; lastKnownFileType = sourcecode.cpp.cpp; name = Window.cpp; path = ../../source/Graphics/Window.cpp; sourceTree = "<group>"; };
		48FFC4C71F01DB88003932BA /* Window.h */ = {isa = PBXFileReference; fileEncoding = 4; lastKnownFileType = sourcecode.c.h; name = Window.h; path = ../../source/Graphics/Window.h; sourceTree = "<group>"; };
		48FFC4CB1F01DEFA003932BA /* Vector3.h */ = {isa = PBXFileReference; fileEncoding = 4; lastKnownFileType = sourcecode.c.h; name = Vector3.h; path = ../../source/Math/Vector3.h; sourceTree = "<group>"; };
		48FFC4CC1F01DEFA003932BA /* Vector3.cpp */ = {isa = PBXFileReference; fileEncoding = 4; lastKnownFileType = sourcecode.cpp.cpp; name = Vector3.cpp; path = ../../source/Math/Vector3.cpp; sourceTree = "<group>"; };
		48FFC4CF1F01E2A2003932BA /* Vector2.cpp */ = {isa = PBXFileReference; fileEncoding = 4; lastKnownFileType = sourcecode.cpp.cpp; name = Vector2.cpp; path = ../../source/Math/Vector2.cpp; sourceTree = "<group>"; };
		48FFC4D01F01E2A2003932BA /* Vector2.h */ = {isa = PBXFileReference; fileEncoding = 4; lastKnownFileType = sourcecode.c.h; name = Vector2.h; path = ../../source/Math/Vector2.h; sourceTree = "<group>"; };
		48FFC4D31F01EC0C003932BA /* Quaternion.cpp */ = {isa = PBXFileReference; fileEncoding = 4; lastKnownFileType = sourcecode.cpp.cpp; name = Quaternion.cpp; path = ../../source/Math/Quaternion.cpp; sourceTree = "<group>"; };
		48FFC4D41F01EC0C003932BA /* Quaternion.h */ = {isa = PBXFileReference; fileEncoding = 4; lastKnownFileType = sourcecode.c.h; name = Quaternion.h; path = ../../source/Math/Quaternion.h; sourceTree = "<group>"; };
		E2639950190D148400B6251A /* Cocoa.framework */ = {isa = PBXFileReference; lastKnownFileType = wrapper.framework; name = Cocoa.framework; path = System/Library/Frameworks/Cocoa.framework; sourceTree = SDKROOT; };
		E2639AE7190D169200B6251A /* OpenGL.framework */ = {isa = PBXFileReference; lastKnownFileType = wrapper.framework; name = OpenGL.framework; path = System/Library/Frameworks/OpenGL.framework; sourceTree = SDKROOT; };
		E2639AFB190D16FF00B6251A /* IOKit.framework */ = {isa = PBXFileReference; lastKnownFileType = wrapper.framework; name = IOKit.framework; path = System/Library/Frameworks/IOKit.framework; sourceTree = SDKROOT; };
		E29C2A8C19FB7AA500A6FCD2 /* QuartzCore.framework */ = {isa = PBXFileReference; lastKnownFileType = wrapper.framework; name = QuartzCore.framework; path = System/Library/Frameworks/QuartzCore.framework; sourceTree = SDKROOT; };
/* End PBXFileReference section */

/* Begin PBXFrameworksBuildPhase section */
		48B249481EFF6DA800A70F35 /* Frameworks */ = {
			isa = PBXFrameworksBuildPhase;
			buildActionMask = 2147483647;
			files = (
			);
			runOnlyForDeploymentPostprocessing = 0;
		};
/* End PBXFrameworksBuildPhase section */

/* Begin PBXGroup section */
		4828B0B41F2971D7007F184F /* EntityComponentSystem */ = {
			isa = PBXGroup;
			children = (
				48353BB51F30038C000A28C5 /* Physics2D */,
				48EC8AE71F2EC6AF005DD8F3 /* Audio */,
				488285FB1F2D749C00D9945B /* Graphics */,
				480B953E1F32BDF200B0C34F /* ComponentAnnotations.h */,
				4828B0B51F2971E7007F184F /* Component.h */,
				4828B0BA1F2971E7007F184F /* Component.cpp */,
				4828B0B61F2971E7007F184F /* GameObject.h */,
				4828B0BB1F2971E7007F184F /* GameObject.cpp */,
				4828B0B81F2971E7007F184F /* Scene.h */,
				4828B0BD1F2971E7007F184F /* Scene.cpp */,
				4828B0B91F2971E7007F184F /* SceneGraph.h */,
				4828B0BE1F2971E7007F184F /* SceneGraph.cpp */,
				488286081F2DC0AD00D9945B /* SceneManager.h */,
				488286051F2DC09D00D9945B /* SceneManager.cpp */,
			);
			name = EntityComponentSystem;
			sourceTree = "<group>";
		};
		48353B3B1F2FFC72000A28C5 /* Box2D */ = {
			isa = PBXGroup;
			children = (
				48353B561F2FFC91000A28C5 /* Collision */,
				48353B6A1F2FFCC4000A28C5 /* Common */,
				48353B781F2FFCD6000A28C5 /* Dynamics */,
				48353BB21F2FFCE6000A28C5 /* Rope */,
				48353B391F2FFC6C000A28C5 /* Box2D.h */,
			);
			name = Box2D;
			sourceTree = "<group>";
		};
		48353B561F2FFC91000A28C5 /* Collision */ = {
			isa = PBXGroup;
			children = (
				48353B571F2FFC9F000A28C5 /* Shapes */,
				48353B3C1F2FFC86000A28C5 /* b2BroadPhase.h */,
				48353B3D1F2FFC86000A28C5 /* b2Collision.h */,
				48353B3E1F2FFC86000A28C5 /* b2Distance.h */,
				48353B3F1F2FFC86000A28C5 /* b2DynamicTree.h */,
				48353B401F2FFC86000A28C5 /* b2TimeOfImpact.h */,
				48353B411F2FFC86000A28C5 /* b2BroadPhase.cpp */,
				48353B421F2FFC86000A28C5 /* b2CollideCircle.cpp */,
				48353B431F2FFC86000A28C5 /* b2CollideEdge.cpp */,
				48353B441F2FFC86000A28C5 /* b2CollidePolygon.cpp */,
				48353B451F2FFC86000A28C5 /* b2Collision.cpp */,
				48353B461F2FFC86000A28C5 /* b2Distance.cpp */,
				48353B471F2FFC86000A28C5 /* b2DynamicTree.cpp */,
				48353B481F2FFC86000A28C5 /* b2TimeOfImpact.cpp */,
			);
			name = Collision;
			sourceTree = "<group>";
		};
		48353B571F2FFC9F000A28C5 /* Shapes */ = {
			isa = PBXGroup;
			children = (
				48353B581F2FFCAA000A28C5 /* b2ChainShape.h */,
				48353B591F2FFCAA000A28C5 /* b2CircleShape.h */,
				48353B5A1F2FFCAA000A28C5 /* b2EdgeShape.h */,
				48353B5B1F2FFCAA000A28C5 /* b2PolygonShape.h */,
				48353B5C1F2FFCAA000A28C5 /* b2Shape.h */,
				48353B5D1F2FFCAA000A28C5 /* b2ChainShape.cpp */,
				48353B5E1F2FFCAA000A28C5 /* b2CircleShape.cpp */,
				48353B5F1F2FFCAA000A28C5 /* b2EdgeShape.cpp */,
				48353B601F2FFCAA000A28C5 /* b2PolygonShape.cpp */,
			);
			name = Shapes;
			sourceTree = "<group>";
		};
		48353B6A1F2FFCC4000A28C5 /* Common */ = {
			isa = PBXGroup;
			children = (
				48353B6B1F2FFCC4000A28C5 /* b2BlockAllocator.cpp */,
				48353B6C1F2FFCC4000A28C5 /* b2BlockAllocator.h */,
				48353B6D1F2FFCC4000A28C5 /* b2Draw.cpp */,
				48353B6E1F2FFCC4000A28C5 /* b2Draw.h */,
				48353B6F1F2FFCC4000A28C5 /* b2GrowableStack.h */,
				48353B701F2FFCC4000A28C5 /* b2Math.cpp */,
				48353B711F2FFCC4000A28C5 /* b2Math.h */,
				48353B721F2FFCC4000A28C5 /* b2Settings.cpp */,
				48353B731F2FFCC4000A28C5 /* b2Settings.h */,
				48353B741F2FFCC4000A28C5 /* b2StackAllocator.cpp */,
				48353B751F2FFCC4000A28C5 /* b2StackAllocator.h */,
				48353B761F2FFCC4000A28C5 /* b2Timer.cpp */,
				48353B771F2FFCC4000A28C5 /* b2Timer.h */,
			);
			name = Common;
			path = ../../includes/Common/Box2D/Common;
			sourceTree = "<group>";
		};
		48353B781F2FFCD6000A28C5 /* Dynamics */ = {
			isa = PBXGroup;
			children = (
				48353B791F2FFCD6000A28C5 /* b2Body.cpp */,
				48353B7A1F2FFCD6000A28C5 /* b2Body.h */,
				48353B7B1F2FFCD6000A28C5 /* b2ContactManager.cpp */,
				48353B7C1F2FFCD6000A28C5 /* b2ContactManager.h */,
				48353B7D1F2FFCD6000A28C5 /* b2Fixture.cpp */,
				48353B7E1F2FFCD6000A28C5 /* b2Fixture.h */,
				48353B7F1F2FFCD6000A28C5 /* b2Island.cpp */,
				48353B801F2FFCD6000A28C5 /* b2Island.h */,
				48353B811F2FFCD6000A28C5 /* b2TimeStep.h */,
				48353B821F2FFCD6000A28C5 /* b2World.cpp */,
				48353B831F2FFCD6000A28C5 /* b2World.h */,
				48353B841F2FFCD6000A28C5 /* b2WorldCallbacks.cpp */,
				48353B851F2FFCD6000A28C5 /* b2WorldCallbacks.h */,
				48353B861F2FFCD6000A28C5 /* Contacts */,
				48353B991F2FFCD6000A28C5 /* Joints */,
			);
			name = Dynamics;
			path = ../../includes/Common/Box2D/Dynamics;
			sourceTree = "<group>";
		};
		48353B861F2FFCD6000A28C5 /* Contacts */ = {
			isa = PBXGroup;
			children = (
				48353B871F2FFCD6000A28C5 /* b2ChainAndCircleContact.cpp */,
				48353B881F2FFCD6000A28C5 /* b2ChainAndCircleContact.h */,
				48353B891F2FFCD6000A28C5 /* b2ChainAndPolygonContact.cpp */,
				48353B8A1F2FFCD6000A28C5 /* b2ChainAndPolygonContact.h */,
				48353B8B1F2FFCD6000A28C5 /* b2CircleContact.cpp */,
				48353B8C1F2FFCD6000A28C5 /* b2CircleContact.h */,
				48353B8D1F2FFCD6000A28C5 /* b2Contact.cpp */,
				48353B8E1F2FFCD6000A28C5 /* b2Contact.h */,
				48353B8F1F2FFCD6000A28C5 /* b2ContactSolver.cpp */,
				48353B901F2FFCD6000A28C5 /* b2ContactSolver.h */,
				48353B911F2FFCD6000A28C5 /* b2EdgeAndCircleContact.cpp */,
				48353B921F2FFCD6000A28C5 /* b2EdgeAndCircleContact.h */,
				48353B931F2FFCD6000A28C5 /* b2EdgeAndPolygonContact.cpp */,
				48353B941F2FFCD6000A28C5 /* b2EdgeAndPolygonContact.h */,
				48353B951F2FFCD6000A28C5 /* b2PolygonAndCircleContact.cpp */,
				48353B961F2FFCD6000A28C5 /* b2PolygonAndCircleContact.h */,
				48353B971F2FFCD6000A28C5 /* b2PolygonContact.cpp */,
				48353B981F2FFCD6000A28C5 /* b2PolygonContact.h */,
			);
			path = Contacts;
			sourceTree = "<group>";
		};
		48353B991F2FFCD6000A28C5 /* Joints */ = {
			isa = PBXGroup;
			children = (
				48353B9A1F2FFCD6000A28C5 /* b2DistanceJoint.cpp */,
				48353B9B1F2FFCD6000A28C5 /* b2DistanceJoint.h */,
				48353B9C1F2FFCD6000A28C5 /* b2FrictionJoint.cpp */,
				48353B9D1F2FFCD6000A28C5 /* b2FrictionJoint.h */,
				48353B9E1F2FFCD6000A28C5 /* b2GearJoint.cpp */,
				48353B9F1F2FFCD6000A28C5 /* b2GearJoint.h */,
				48353BA01F2FFCD6000A28C5 /* b2Joint.cpp */,
				48353BA11F2FFCD6000A28C5 /* b2Joint.h */,
				48353BA21F2FFCD6000A28C5 /* b2MotorJoint.cpp */,
				48353BA31F2FFCD6000A28C5 /* b2MotorJoint.h */,
				48353BA41F2FFCD6000A28C5 /* b2MouseJoint.cpp */,
				48353BA51F2FFCD6000A28C5 /* b2MouseJoint.h */,
				48353BA61F2FFCD6000A28C5 /* b2PrismaticJoint.cpp */,
				48353BA71F2FFCD6000A28C5 /* b2PrismaticJoint.h */,
				48353BA81F2FFCD6000A28C5 /* b2PulleyJoint.cpp */,
				48353BA91F2FFCD6000A28C5 /* b2PulleyJoint.h */,
				48353BAA1F2FFCD6000A28C5 /* b2RevoluteJoint.cpp */,
				48353BAB1F2FFCD6000A28C5 /* b2RevoluteJoint.h */,
				48353BAC1F2FFCD6000A28C5 /* b2RopeJoint.cpp */,
				48353BAD1F2FFCD6000A28C5 /* b2RopeJoint.h */,
				48353BAE1F2FFCD6000A28C5 /* b2WeldJoint.cpp */,
				48353BAF1F2FFCD6000A28C5 /* b2WeldJoint.h */,
				48353BB01F2FFCD6000A28C5 /* b2WheelJoint.cpp */,
				48353BB11F2FFCD6000A28C5 /* b2WheelJoint.h */,
			);
			path = Joints;
			sourceTree = "<group>";
		};
		48353BB21F2FFCE6000A28C5 /* Rope */ = {
			isa = PBXGroup;
			children = (
				48353BB31F2FFCE6000A28C5 /* b2Rope.cpp */,
				48353BB41F2FFCE6000A28C5 /* b2Rope.h */,
			);
			name = Rope;
			path = ../../includes/Common/Box2D/Rope;
			sourceTree = "<group>";
		};
		48353BB51F30038C000A28C5 /* Physics2D */ = {
			isa = PBXGroup;
			children = (
				48353BC01F300A7E000A28C5 /* CollisionInfo.h */,
				48353BC11F300A7E000A28C5 /* CollisionInfo.cpp */,
				483A708C1F329C0A00A074C5 /* BoxCollider.h */,
				483A708D1F329C0A00A074C5 /* BoxCollider.cpp */,
				48353BBE1F3007CA000A28C5 /* ComponentInterface.h */,
				48353BB61F3003A9000A28C5 /* SceneGraph.h */,
				48353BB71F3003A9000A28C5 /* SceneGraph.cpp */,
				48101E061F314BC000A2AC40 /* Collider.h */,
				48101E071F314BC000A2AC40 /* Collider.cpp */,
				483A70881F328EE900A074C5 /* SimpleCollider.h */,
				48353BC41F301575000A28C5 /* Rigidbody.h */,
				48353BC51F301575000A28C5 /* Rigidbody.cpp */,
			);
			name = Physics2D;
			sourceTree = "<group>";
		};
		4839F62B1F1834370081237A /* Memory */ = {
			isa = PBXGroup;
			children = (
				48974D241F2D0090008BAAE0 /* auth_map.h */,
				48974D251F2D0090008BAAE0 /* auth_vector.h */,
				4844013F1F2AD297003FD501 /* resource_manager.h */,
				4898C0D41F2468B9007F3B88 /* default_ptr.h */,
				4898C0D51F2468B9007F3B88 /* dynamic_pool.h */,
				4898C0D61F2468B9007F3B88 /* static_pool.h */,
			);
			name = Memory;
			sourceTree = "<group>";
		};
		483CA4971F04814600E51C4F /* Debug */ = {
			isa = PBXGroup;
			children = (
				48C6539D1F05D1090001EDD6 /* Logger.h */,
				48C6539C1F05D1090001EDD6 /* Logger.cpp */,
				4839F62F1F18392A0081237A /* Exception.h */,
				4839F62E1F18392A0081237A /* Exception.cpp */,
			);
			name = Debug;
			sourceTree = "<group>";
		};
		4845A00A1F1C5178000C957F /* Time */ = {
			isa = PBXGroup;
			children = (
				4873E9271F1D837E000BA834 /* Time.h */,
				4873E9281F1D837E000BA834 /* Time.cpp */,
			);
			name = Time;
			sourceTree = "<group>";
		};
		488285FB1F2D749C00D9945B /* Graphics */ = {
			isa = PBXGroup;
			children = (
				488285FC1F2D7A1E00D9945B /* Camera.h */,
				488285FE1F2D7A1E00D9945B /* Camera.cpp */,
				488285FD1F2D7A1E00D9945B /* Mesh.h */,
				488285FF1F2D7A1E00D9945B /* Mesh.cpp */,
				488285F41F2D747200D9945B /* GraphicsScene.h */,
				488285F61F2D747200D9945B /* GraphicsScene.cpp */,
				488285F31F2D747200D9945B /* GraphicsComponent.h */,
				488285F51F2D747200D9945B /* GraphicsComponent.cpp */,
			);
			name = Graphics;
			sourceTree = "<group>";
		};
		4899AF5D1F00921D009B4E73 /* Graphics */ = {
			isa = PBXGroup;
			children = (
				483C31AA1F09A2B2002A7870 /* DataTypes.h */,
				48839BAC1F08C4CB00D5CEE0 /* GL.h */,
				48839BAB1F08C4CB00D5CEE0 /* GL.cpp */,
				483C31B31F0A0040002A7870 /* DefaultResources.h */,
				483C31B21F0A0040002A7870 /* DefaultResources.cpp */,
				4818CB071F12BDB900D33510 /* UniformCollection.h */,
				4896442D1F23ED350016909E /* Mat4x4UniformCollection.h */,
				4896442C1F23ED350016909E /* Mat4x4UniformCollection.cpp */,
				484B41231F12C4A100CE92B4 /* TextureUniformCollection.h */,
				484B41221F12C4A100CE92B4 /* TextureUniformCollection.cpp */,
				484B41271F12DD0E00CE92B4 /* FloatUniformCollection.h */,
				484B41261F12DD0E00CE92B4 /* FloatUniformCollection.cpp */,
				484B41291F12DD0E00CE92B4 /* Vector2UniformCollection.h */,
				484B41281F12DD0E00CE92B4 /* Vector2UniformCollection.cpp */,
				484B412B1F12DD0E00CE92B4 /* Vector3UniformCollection.h */,
				484B412A1F12DD0E00CE92B4 /* Vector3UniformCollection.cpp */,
				484B412D1F12DD0E00CE92B4 /* Vector4UniformCollection.h */,
				484B412C1F12DD0E00CE92B4 /* Vector4UniformCollection.cpp */,
				48459FF21F1B180F000C957F /* MeshManager.h */,
				48459FF11F1B180F000C957F /* MeshManager.cpp */,
				48459FEE1F1B17E7000C957F /* ShaderProgramManager.h */,
				48459FED1F1B17E7000C957F /* ShaderProgramManager.cpp */,
				48459FEA1F1AF922000C957F /* TextureManager.h */,
				48459FE91F1AF922000C957F /* TextureManager.cpp */,
				485908BD1F11D42F00F7A86F /* Camera.h */,
				485908BC1F11D42F00F7A86F /* Camera.cpp */,
				483C31C31F0A1D6E002A7870 /* VertexAttribute.h */,
				483C31C21F0A1D6E002A7870 /* VertexAttribute.cpp */,
				483C31C51F0A1D6E002A7870 /* VertexFormat.h */,
				483C31C41F0A1D6E002A7870 /* VertexFormat.cpp */,
				483C31BF1F0A1202002A7870 /* Mesh.h */,
				483C31BE1F0A1202002A7870 /* Mesh.cpp */,
				483C31BB1F0A0ED5002A7870 /* Model.h */,
				483C31BA1F0A0ED5002A7870 /* Model.cpp */,
				483C31B71F0A00F1002A7870 /* Texture.h */,
				483C31B61F0A00F1002A7870 /* Texture.cpp */,
				48FFC4C71F01DB88003932BA /* Window.h */,
				48FFC4C61F01DB88003932BA /* Window.cpp */,
				4899AF5E1F009239009B4E73 /* Color.h */,
				4899AF5F1F009239009B4E73 /* Color.cpp */,
				483C31861F098C53002A7870 /* ShaderProgram.h */,
				483C31851F098C53002A7870 /* ShaderProgram.cpp */,
			);
			name = Graphics;
			sourceTree = "<group>";
		};
		48B2491B1EFF678C00A70F35 /* src */ = {
			isa = PBXGroup;
			children = (
				4828B0B41F2971D7007F184F /* EntityComponentSystem */,
				48EC8AF41F2ECC3D005DD8F3 /* Physics2D */,
				48E5F75B1F243D9500ABDD0F /* Input */,
				4845A00A1F1C5178000C957F /* Time */,
				4839F62B1F1834370081237A /* Memory */,
				483CA4971F04814600E51C4F /* Debug */,
				48FFC4CA1F01DEF4003932BA /* Math */,
				4899AF5D1F00921D009B4E73 /* Graphics */,
			);
			name = src;
			sourceTree = "<group>";
		};
		48E5F75B1F243D9500ABDD0F /* Input */ = {
			isa = PBXGroup;
			children = (
				48E5F75C1F243E0C00ABDD0F /* Keyboard.h */,
				48E5F75D1F243E0C00ABDD0F /* Keyboard.cpp */,
				4898C0D01F245951007F3B88 /* Mouse.h */,
				4898C0D11F245951007F3B88 /* Mouse.cpp */,
			);
			name = Input;
			sourceTree = "<group>";
		};
		48EC8AE71F2EC6AF005DD8F3 /* Audio */ = {
			isa = PBXGroup;
			children = (
				48EC8AEE1F2ECB22005DD8F3 /* Source.h */,
				48EC8AEF1F2ECB22005DD8F3 /* Source.cpp */,
				48EC8AE51F2EC6A6005DD8F3 /* AudioScene.h */,
				48EC8AE91F2EC6BF005DD8F3 /* AudioScene.cpp */,
				48EC8AE81F2EC6BF005DD8F3 /* Listener.h */,
				48EC8AEA1F2EC6BF005DD8F3 /* Listener.cpp */,
			);
			name = Audio;
			sourceTree = "<group>";
		};
		48EC8AF41F2ECC3D005DD8F3 /* Physics2D */ = {
			isa = PBXGroup;
			children = (
			);
			name = Physics2D;
			sourceTree = "<group>";
		};
		48FFC4CA1F01DEF4003932BA /* Math */ = {
			isa = PBXGroup;
			children = (
				489644291F23C4960016909E /* Trigonometry.h */,
				489644281F23C4960016909E /* Trigonometry.cpp */,
				4898E45D1F0330B600825E3E /* IntVector2.h */,
				4898E45C1F0330B600825E3E /* IntVector2.cpp */,
				48FFC4D01F01E2A2003932BA /* Vector2.h */,
				48FFC4CF1F01E2A2003932BA /* Vector2.cpp */,
				48FFC4CB1F01DEFA003932BA /* Vector3.h */,
				48FFC4CC1F01DEFA003932BA /* Vector3.cpp */,
				4898E4551F03261700825E3E /* Vector4.h */,
				4898E4541F03261700825E3E /* Vector4.cpp */,
				48FFC4D41F01EC0C003932BA /* Quaternion.h */,
				48FFC4D31F01EC0C003932BA /* Quaternion.cpp */,
				4898E4591F03262200825E3E /* Mat4x4.h */,
				4898E4581F03262200825E3E /* Mat4x4.cpp */,
				4898E4611F03378D00825E3E /* Plane.h */,
				4898E4601F03378D00825E3E /* Plane.cpp */,
			);
			name = Math;
			sourceTree = "<group>";
		};
		E2639942190D145C00B6251A = {
			isa = PBXGroup;
			children = (
				48B2491B1EFF678C00A70F35 /* src */,
				E29C2AA019FC9ADC00A6FCD2 /* inc */,
				E263994E190D148400B6251A /* output */,
			);
			sourceTree = "<group>";
		};
		E263994E190D148400B6251A /* output */ = {
			isa = PBXGroup;
			children = (
				48B2494B1EFF6DA800A70F35 /* libGDK.a */,
			);
			name = output;
			sourceTree = "<group>";
		};
		E29C2AA019FC9ADC00A6FCD2 /* inc */ = {
			isa = PBXGroup;
			children = (
				48353B3B1F2FFC72000A28C5 /* Box2D */,
				48E1E4CF1F12023400D01A6E /* stb_implementation.c */,
				481644471EFF63CC004DA647 /* glew.c */,
				481644451EFF63BC004DA647 /* libglfw3.a */,
				E29C2A8C19FB7AA500A6FCD2 /* QuartzCore.framework */,
				E2639AE7190D169200B6251A /* OpenGL.framework */,
				E2639950190D148400B6251A /* Cocoa.framework */,
				E2639AFB190D16FF00B6251A /* IOKit.framework */,
			);
			name = inc;
			sourceTree = "<group>";
		};
/* End PBXGroup section */

/* Begin PBXHeadersBuildPhase section */
		48B249491EFF6DA800A70F35 /* Headers */ = {
			isa = PBXHeadersBuildPhase;
			buildActionMask = 2147483647;
			files = (
				483A708A1F328EE900A074C5 /* SimpleCollider.h in Headers */,
				4828B0C21F2971E7007F184F /* Scene.h in Headers */,
				4898E45B1F03262200825E3E /* Mat4x4.h in Headers */,
				48353BC61F301575000A28C5 /* Rigidbody.h in Headers */,
				48E5F75E1F243E0C00ABDD0F /* Keyboard.h in Headers */,
				48353B641F2FFCAA000A28C5 /* b2PolygonShape.h in Headers */,
				488286011F2D7A1E00D9945B /* Mesh.h in Headers */,
				48101E081F314BC000A2AC40 /* Collider.h in Headers */,
				4899AF601F009239009B4E73 /* Color.h in Headers */,
				48353B491F2FFC86000A28C5 /* b2BroadPhase.h in Headers */,
				4898E4571F03261700825E3E /* Vector4.h in Headers */,
				4898C0DB1F2468B9007F3B88 /* static_pool.h in Headers */,
				48353B631F2FFCAA000A28C5 /* b2EdgeShape.h in Headers */,
				4828B0C31F2971E7007F184F /* SceneGraph.h in Headers */,
				4818CB091F12BDB900D33510 /* UniformCollection.h in Headers */,
				4898C0D91F2468B9007F3B88 /* default_ptr.h in Headers */,
				483C31C91F0A1D6E002A7870 /* VertexFormat.h in Headers */,
				48353B651F2FFCAA000A28C5 /* b2Shape.h in Headers */,
				4828B0C01F2971E7007F184F /* GameObject.h in Headers */,
				48353B4B1F2FFC86000A28C5 /* b2Distance.h in Headers */,
				48353BC21F300A7E000A28C5 /* CollisionInfo.h in Headers */,
				48FFC4CD1F01DEFA003932BA /* Vector3.h in Headers */,
				488286091F2DC0AD00D9945B /* SceneManager.h in Headers */,
				484B41351F12DD0E00CE92B4 /* Vector4UniformCollection.h in Headers */,
				48353B611F2FFCAA000A28C5 /* b2ChainShape.h in Headers */,
				483C31C11F0A1202002A7870 /* Mesh.h in Headers */,
				483C31C71F0A1D6E002A7870 /* VertexAttribute.h in Headers */,
				483C318A1F098C53002A7870 /* ShaderProgram.h in Headers */,
				483C31B91F0A00F1002A7870 /* Texture.h in Headers */,
				488285F81F2D747200D9945B /* GraphicsScene.h in Headers */,
				48974D291F2D0090008BAAE0 /* auth_vector.h in Headers */,
				4896442B1F23C4960016909E /* Trigonometry.h in Headers */,
				484401401F2AD297003FD501 /* resource_manager.h in Headers */,
				48353BBF1F3007CA000A28C5 /* ComponentInterface.h in Headers */,
				4839F6311F18392A0081237A /* Exception.h in Headers */,
				48EC8AF01F2ECB22005DD8F3 /* Source.h in Headers */,
				484B41331F12DD0E00CE92B4 /* Vector3UniformCollection.h in Headers */,
				4898C0DA1F2468B9007F3B88 /* dynamic_pool.h in Headers */,
				48FFC4D61F01EC0C003932BA /* Quaternion.h in Headers */,
				48353B4C1F2FFC86000A28C5 /* b2DynamicTree.h in Headers */,
				48974D281F2D0090008BAAE0 /* auth_map.h in Headers */,
				48C6539F1F05D1090001EDD6 /* Logger.h in Headers */,
				48353B4D1F2FFC86000A28C5 /* b2TimeOfImpact.h in Headers */,
				483C31AC1F09A2B2002A7870 /* DataTypes.h in Headers */,
				488285F71F2D747200D9945B /* GraphicsComponent.h in Headers */,
				4898E45F1F0330B600825E3E /* IntVector2.h in Headers */,
				48FFC4D21F01E2A2003932BA /* Vector2.h in Headers */,
				48353B4A1F2FFC86000A28C5 /* b2Collision.h in Headers */,
				4898E4631F03378D00825E3E /* Plane.h in Headers */,
				484B41311F12DD0E00CE92B4 /* Vector2UniformCollection.h in Headers */,
				483A708E1F329C0A00A074C5 /* BoxCollider.h in Headers */,
				483C31BD1F0A0ED5002A7870 /* Model.h in Headers */,
				4896442F1F23ED350016909E /* Mat4x4UniformCollection.h in Headers */,
				48459FF01F1B17E7000C957F /* ShaderProgramManager.h in Headers */,
				4898C0D21F245951007F3B88 /* Mouse.h in Headers */,
				48839BAE1F08C4CB00D5CEE0 /* GL.h in Headers */,
				483C31B51F0A0040002A7870 /* DefaultResources.h in Headers */,
				48353BB81F3003A9000A28C5 /* SceneGraph.h in Headers */,
				488286001F2D7A1E00D9945B /* Camera.h in Headers */,
				48FFC4C91F01DB88003932BA /* Window.h in Headers */,
				484B412F1F12DD0E00CE92B4 /* FloatUniformCollection.h in Headers */,
				484B41251F12C4A100CE92B4 /* TextureUniformCollection.h in Headers */,
				485908BF1F11D42F00F7A86F /* Camera.h in Headers */,
				48EC8AEB1F2EC6BF005DD8F3 /* Listener.h in Headers */,
				480B953F1F32BDF200B0C34F /* ComponentAnnotations.h in Headers */,
				48EC8AE61F2EC6A6005DD8F3 /* AudioScene.h in Headers */,
				4828B0BF1F2971E7007F184F /* Component.h in Headers */,
				48459FF41F1B180F000C957F /* MeshManager.h in Headers */,
				48353B621F2FFCAA000A28C5 /* b2CircleShape.h in Headers */,
				48353B3A1F2FFC6C000A28C5 /* Box2D.h in Headers */,
				48459FEC1F1AF922000C957F /* TextureManager.h in Headers */,
			);
			runOnlyForDeploymentPostprocessing = 0;
		};
/* End PBXHeadersBuildPhase section */

/* Begin PBXNativeTarget section */
		48B2494A1EFF6DA800A70F35 /* GDK */ = {
			isa = PBXNativeTarget;
			buildConfigurationList = 48B2494C1EFF6DA800A70F35 /* Build configuration list for PBXNativeTarget "GDK" */;
			buildPhases = (
				48B249471EFF6DA800A70F35 /* Sources */,
				48B249481EFF6DA800A70F35 /* Frameworks */,
				48B249491EFF6DA800A70F35 /* Headers */,
			);
			buildRules = (
			);
			dependencies = (
			);
			name = GDK;
			productName = GDK;
			productReference = 48B2494B1EFF6DA800A70F35 /* libGDK.a */;
			productType = "com.apple.product-type.library.static";
		};
/* End PBXNativeTarget section */

/* Begin PBXProject section */
		E2639943190D145C00B6251A /* Project object */ = {
			isa = PBXProject;
			attributes = {
				LastUpgradeCheck = 0610;
				TargetAttributes = {
					48B2494A1EFF6DA800A70F35 = {
						CreatedOnToolsVersion = 8.3.3;
						DevelopmentTeam = 5TF27L9H3N;
						ProvisioningStyle = Automatic;
					};
				};
			};
			buildConfigurationList = E2639946190D145C00B6251A /* Build configuration list for PBXProject "GDK" */;
			compatibilityVersion = "Xcode 3.2";
			developmentRegion = English;
			hasScannedForEncodings = 0;
			knownRegions = (
				en,
				Base,
			);
			mainGroup = E2639942190D145C00B6251A;
			productRefGroup = E263994E190D148400B6251A /* output */;
			projectDirPath = "";
			projectRoot = "";
			targets = (
				48B2494A1EFF6DA800A70F35 /* GDK */,
			);
		};
/* End PBXProject section */

/* Begin PBXSourcesBuildPhase section */
		48B249471EFF6DA800A70F35 /* Sources */ = {
			isa = PBXSourcesBuildPhase;
			buildActionMask = 2147483647;
			files = (
				483C31C01F0A1202002A7870 /* Mesh.cpp in Sources */,
				48FFC4C81F01DB88003932BA /* Window.cpp in Sources */,
				48839BAD1F08C4CB00D5CEE0 /* GL.cpp in Sources */,
				483C31891F098C53002A7870 /* ShaderProgram.cpp in Sources */,
				4898E4561F03261700825E3E /* Vector4.cpp in Sources */,
				48353BB91F3003A9000A28C5 /* SceneGraph.cpp in Sources */,
				484B41341F12DD0E00CE92B4 /* Vector4UniformCollection.cpp in Sources */,
				483A708F1F329C0A00A074C5 /* BoxCollider.cpp in Sources */,
				48353B4E1F2FFC86000A28C5 /* b2BroadPhase.cpp in Sources */,
				48353B671F2FFCAA000A28C5 /* b2CircleShape.cpp in Sources */,
				484B41301F12DD0E00CE92B4 /* Vector2UniformCollection.cpp in Sources */,
				48FFC4D11F01E2A2003932BA /* Vector2.cpp in Sources */,
				4828B0C51F2971E7007F184F /* GameObject.cpp in Sources */,
				48459FF31F1B180F000C957F /* MeshManager.cpp in Sources */,
				48353B541F2FFC86000A28C5 /* b2DynamicTree.cpp in Sources */,
				48353B501F2FFC86000A28C5 /* b2CollideEdge.cpp in Sources */,
				48353B681F2FFCAA000A28C5 /* b2EdgeShape.cpp in Sources */,
				4828B0C41F2971E7007F184F /* Component.cpp in Sources */,
				4898E4621F03378D00825E3E /* Plane.cpp in Sources */,
				4828B0C71F2971E7007F184F /* Scene.cpp in Sources */,
				484B41241F12C4A100CE92B4 /* TextureUniformCollection.cpp in Sources */,
				48FFC4CE1F01DEFA003932BA /* Vector3.cpp in Sources */,
				4898E45A1F03262200825E3E /* Mat4x4.cpp in Sources */,
				483C31BC1F0A0ED5002A7870 /* Model.cpp in Sources */,
				488285FA1F2D747200D9945B /* GraphicsScene.cpp in Sources */,
				48FFC4D51F01EC0C003932BA /* Quaternion.cpp in Sources */,
				48EC8AED1F2EC6BF005DD8F3 /* Listener.cpp in Sources */,
				48353B661F2FFCAA000A28C5 /* b2ChainShape.cpp in Sources */,
				4828B0C81F2971E7007F184F /* SceneGraph.cpp in Sources */,
				4898C0D31F245951007F3B88 /* Mouse.cpp in Sources */,
				48459FEB1F1AF922000C957F /* TextureManager.cpp in Sources */,
				48459FEF1F1B17E7000C957F /* ShaderProgramManager.cpp in Sources */,
				48EC8AF11F2ECB22005DD8F3 /* Source.cpp in Sources */,
				483C31C81F0A1D6E002A7870 /* VertexFormat.cpp in Sources */,
				488286031F2D7A1E00D9945B /* Mesh.cpp in Sources */,
				488285F91F2D747200D9945B /* GraphicsComponent.cpp in Sources */,
				484B412E1F12DD0E00CE92B4 /* FloatUniformCollection.cpp in Sources */,
				4896442A1F23C4960016909E /* Trigonometry.cpp in Sources */,
				483C31C61F0A1D6E002A7870 /* VertexAttribute.cpp in Sources */,
				48353B4F1F2FFC86000A28C5 /* b2CollideCircle.cpp in Sources */,
				488286071F2DC09D00D9945B /* SceneManager.cpp in Sources */,
				488286021F2D7A1E00D9945B /* Camera.cpp in Sources */,
				48C6539E1F05D1090001EDD6 /* Logger.cpp in Sources */,
				484B41321F12DD0E00CE92B4 /* Vector3UniformCollection.cpp in Sources */,
				4839F6301F18392A0081237A /* Exception.cpp in Sources */,
				485908BE1F11D42F00F7A86F /* Camera.cpp in Sources */,
				48353B511F2FFC86000A28C5 /* b2CollidePolygon.cpp in Sources */,
				4873E92A1F1D837E000BA834 /* Time.cpp in Sources */,
				48E5F75F1F243E0C00ABDD0F /* Keyboard.cpp in Sources */,
				4896442E1F23ED350016909E /* Mat4x4UniformCollection.cpp in Sources */,
				4899AF611F009239009B4E73 /* Color.cpp in Sources */,
				48EC8AEC1F2EC6BF005DD8F3 /* AudioScene.cpp in Sources */,
				48353BC31F300A7E000A28C5 /* CollisionInfo.cpp in Sources */,
				48353B521F2FFC86000A28C5 /* b2Collision.cpp in Sources */,
				48101E091F314BC000A2AC40 /* Collider.cpp in Sources */,
				483C31B81F0A00F1002A7870 /* Texture.cpp in Sources */,
				4898E45E1F0330B600825E3E /* IntVector2.cpp in Sources */,
				48353BC71F301575000A28C5 /* Rigidbody.cpp in Sources */,
				48353B531F2FFC86000A28C5 /* b2Distance.cpp in Sources */,
				48353B551F2FFC86000A28C5 /* b2TimeOfImpact.cpp in Sources */,
				48353B691F2FFCAA000A28C5 /* b2PolygonShape.cpp in Sources */,
				483C31B41F0A0040002A7870 /* DefaultResources.cpp in Sources */,
				48E1E4D01F12023400D01A6E /* stb_implementation.c in Sources */,
			);
			runOnlyForDeploymentPostprocessing = 0;
		};
/* End PBXSourcesBuildPhase section */

/* Begin XCBuildConfiguration section */
		48B2494D1EFF6DA800A70F35 /* Debug */ = {
			isa = XCBuildConfiguration;
			buildSettings = {
				ALWAYS_SEARCH_USER_PATHS = NO;
				CLANG_ANALYZER_NONNULL = YES;
				CLANG_ANALYZER_NUMBER_OBJECT_CONVERSION = YES_AGGRESSIVE;
				CLANG_CXX_LANGUAGE_STANDARD = "c++0x";
				CLANG_CXX_LIBRARY = "libc++";
				CLANG_ENABLE_MODULES = YES;
				CLANG_ENABLE_OBJC_ARC = YES;
				CLANG_WARN_BOOL_CONVERSION = YES;
				CLANG_WARN_CONSTANT_CONVERSION = YES;
				CLANG_WARN_DIRECT_OBJC_ISA_USAGE = YES_ERROR;
				CLANG_WARN_DOCUMENTATION_COMMENTS = YES;
				CLANG_WARN_EMPTY_BODY = YES;
				CLANG_WARN_ENUM_CONVERSION = YES;
				CLANG_WARN_INFINITE_RECURSION = YES;
				CLANG_WARN_INT_CONVERSION = YES;
				CLANG_WARN_OBJC_ROOT_CLASS = YES_ERROR;
				CLANG_WARN_SUSPICIOUS_MOVE = YES;
				CLANG_WARN_UNREACHABLE_CODE = YES;
				CLANG_WARN__DUPLICATE_METHOD_MATCH = YES;
				CODE_SIGN_IDENTITY = "-";
				COPY_PHASE_STRIP = NO;
				DEBUG_INFORMATION_FORMAT = dwarf;
				DEVELOPMENT_TEAM = 5TF27L9H3N;
				ENABLE_STRICT_OBJC_MSGSEND = YES;
				ENABLE_TESTABILITY = YES;
				EXECUTABLE_PREFIX = lib;
				GCC_C_LANGUAGE_STANDARD = gnu99;
				GCC_DYNAMIC_NO_PIC = NO;
				GCC_NO_COMMON_BLOCKS = YES;
				GCC_PREPROCESSOR_DEFINITIONS = (
					"DEBUG=1",
					"$(inherited)",
				);
				GCC_WARN_64_TO_32_BIT_CONVERSION = YES;
				GCC_WARN_ABOUT_RETURN_TYPE = YES_ERROR;
				GCC_WARN_UNDECLARED_SELECTOR = YES;
				GCC_WARN_UNINITIALIZED_AUTOS = YES_AGGRESSIVE;
				GCC_WARN_UNUSED_FUNCTION = YES;
				GCC_WARN_UNUSED_VARIABLE = YES;
				MACOSX_DEPLOYMENT_TARGET = 10.12;
				MTL_ENABLE_DEBUG_INFO = YES;
				PRODUCT_NAME = "$(TARGET_NAME)";
				SDKROOT = macosx;
				USER_HEADER_SEARCH_PATHS = "\"$(PROJECT_DIR)/../../source\"";
			};
			name = Debug;
		};
		48B2494E1EFF6DA800A70F35 /* Release */ = {
			isa = XCBuildConfiguration;
			buildSettings = {
				ALWAYS_SEARCH_USER_PATHS = NO;
				CLANG_ANALYZER_NONNULL = YES;
				CLANG_ANALYZER_NUMBER_OBJECT_CONVERSION = YES_AGGRESSIVE;
				CLANG_CXX_LANGUAGE_STANDARD = "c++0x";
				CLANG_CXX_LIBRARY = "libc++";
				CLANG_ENABLE_MODULES = YES;
				CLANG_ENABLE_OBJC_ARC = YES;
				CLANG_WARN_BOOL_CONVERSION = YES;
				CLANG_WARN_CONSTANT_CONVERSION = YES;
				CLANG_WARN_DIRECT_OBJC_ISA_USAGE = YES_ERROR;
				CLANG_WARN_DOCUMENTATION_COMMENTS = YES;
				CLANG_WARN_EMPTY_BODY = YES;
				CLANG_WARN_ENUM_CONVERSION = YES;
				CLANG_WARN_INFINITE_RECURSION = YES;
				CLANG_WARN_INT_CONVERSION = YES;
				CLANG_WARN_OBJC_ROOT_CLASS = YES_ERROR;
				CLANG_WARN_SUSPICIOUS_MOVE = YES;
				CLANG_WARN_UNREACHABLE_CODE = YES;
				CLANG_WARN__DUPLICATE_METHOD_MATCH = YES;
				CODE_SIGN_IDENTITY = "-";
				COPY_PHASE_STRIP = NO;
				DEBUG_INFORMATION_FORMAT = "dwarf-with-dsym";
				DEVELOPMENT_TEAM = 5TF27L9H3N;
				ENABLE_NS_ASSERTIONS = NO;
				ENABLE_STRICT_OBJC_MSGSEND = YES;
				EXECUTABLE_PREFIX = lib;
				GCC_C_LANGUAGE_STANDARD = gnu99;
				GCC_NO_COMMON_BLOCKS = YES;
				GCC_WARN_64_TO_32_BIT_CONVERSION = YES;
				GCC_WARN_ABOUT_RETURN_TYPE = YES_ERROR;
				GCC_WARN_UNDECLARED_SELECTOR = YES;
				GCC_WARN_UNINITIALIZED_AUTOS = YES_AGGRESSIVE;
				GCC_WARN_UNUSED_FUNCTION = YES;
				GCC_WARN_UNUSED_VARIABLE = YES;
				MACOSX_DEPLOYMENT_TARGET = 10.12;
				MTL_ENABLE_DEBUG_INFO = NO;
				PRODUCT_NAME = "$(TARGET_NAME)";
				SDKROOT = macosx;
				USER_HEADER_SEARCH_PATHS = "\"$(PROJECT_DIR)/../../source\"";
			};
			name = Release;
		};
		E2639947190D145D00B6251A /* Debug */ = {
			isa = XCBuildConfiguration;
			buildSettings = {
				CLANG_CXX_LANGUAGE_STANDARD = "c++0x";
				GCC_OPTIMIZATION_LEVEL = 0;
				GCC_PREPROCESSOR_DEFINITIONS = (
					"$(inherited)",
					GLM_FORCE_RADIANS,
				);
				GCC_WARN_PEDANTIC = YES;
				HEADER_SEARCH_PATHS = (
					"$(inherited)",
					"\"$(PROJECT_DIR)/../../includes/common\"/**",
				);
				LIBRARY_SEARCH_PATHS = "\"$(PROJECT_DIR)/../../includes/osx\"";
				MACOSX_DEPLOYMENT_TARGET = 10.9;
				ONLY_ACTIVE_ARCH = YES;
			};
			name = Debug;
		};
		E2639948190D145D00B6251A /* Release */ = {
			isa = XCBuildConfiguration;
			buildSettings = {
				CLANG_CXX_LANGUAGE_STANDARD = "c++0x";
				GCC_PREPROCESSOR_DEFINITIONS = (
					"$(inherited)",
					GLM_FORCE_RADIANS,
				);
				GCC_WARN_PEDANTIC = YES;
				HEADER_SEARCH_PATHS = (
					"$(inherited)",
					"\"$(PROJECT_DIR)/../../includes/common\"/**",
				);
				LIBRARY_SEARCH_PATHS = "\"$(PROJECT_DIR)/../../includes/osx\"";
				MACOSX_DEPLOYMENT_TARGET = 10.9;
				ONLY_ACTIVE_ARCH = YES;
			};
			name = Release;
		};
/* End XCBuildConfiguration section */

/* Begin XCConfigurationList section */
		48B2494C1EFF6DA800A70F35 /* Build configuration list for PBXNativeTarget "GDK" */ = {
			isa = XCConfigurationList;
			buildConfigurations = (
				48B2494D1EFF6DA800A70F35 /* Debug */,
				48B2494E1EFF6DA800A70F35 /* Release */,
			);
			defaultConfigurationIsVisible = 0;
			defaultConfigurationName = Release;
		};
		E2639946190D145C00B6251A /* Build configuration list for PBXProject "GDK" */ = {
			isa = XCConfigurationList;
			buildConfigurations = (
				E2639947190D145D00B6251A /* Debug */,
				E2639948190D145D00B6251A /* Release */,
			);
			defaultConfigurationIsVisible = 0;
			defaultConfigurationName = Release;
		};
/* End XCConfigurationList section */
	};
	rootObject = E2639943190D145C00B6251A /* Project object */;
}
